// !$*UTF8*$!
{
	archiveVersion = 1;
	classes = {
	};
	objectVersion = 46;
	objects = {

/* Begin PBXBuildFile section */
		570F8C361E55AAAF005C0A14 /* Info.plist in Resources */ = {isa = PBXBuildFile; fileRef = 570F8C201E55AAAF005C0A14 /* Info.plist */; };
		570F8C371E55AAAF005C0A14 /* MJExtensionConst.m in Sources */ = {isa = PBXBuildFile; fileRef = 570F8C231E55AAAF005C0A14 /* MJExtensionConst.m */; };
		570F8C381E55AAAF005C0A14 /* MJFoundation.m in Sources */ = {isa = PBXBuildFile; fileRef = 570F8C251E55AAAF005C0A14 /* MJFoundation.m */; };
		570F8C391E55AAAF005C0A14 /* MJProperty.m in Sources */ = {isa = PBXBuildFile; fileRef = 570F8C271E55AAAF005C0A14 /* MJProperty.m */; };
		570F8C3A1E55AAAF005C0A14 /* MJPropertyKey.m in Sources */ = {isa = PBXBuildFile; fileRef = 570F8C291E55AAAF005C0A14 /* MJPropertyKey.m */; };
		570F8C3B1E55AAAF005C0A14 /* MJPropertyType.m in Sources */ = {isa = PBXBuildFile; fileRef = 570F8C2B1E55AAAF005C0A14 /* MJPropertyType.m */; };
		570F8C3C1E55AAAF005C0A14 /* NSObject+MJClass.m in Sources */ = {isa = PBXBuildFile; fileRef = 570F8C2D1E55AAAF005C0A14 /* NSObject+MJClass.m */; };
		570F8C3D1E55AAAF005C0A14 /* NSObject+MJCoding.m in Sources */ = {isa = PBXBuildFile; fileRef = 570F8C2F1E55AAAF005C0A14 /* NSObject+MJCoding.m */; };
		570F8C3E1E55AAAF005C0A14 /* NSObject+MJKeyValue.m in Sources */ = {isa = PBXBuildFile; fileRef = 570F8C311E55AAAF005C0A14 /* NSObject+MJKeyValue.m */; };
		570F8C3F1E55AAAF005C0A14 /* NSObject+MJProperty.m in Sources */ = {isa = PBXBuildFile; fileRef = 570F8C331E55AAAF005C0A14 /* NSObject+MJProperty.m */; };
		570F8C401E55AAAF005C0A14 /* NSString+MJExtension.m in Sources */ = {isa = PBXBuildFile; fileRef = 570F8C351E55AAAF005C0A14 /* NSString+MJExtension.m */; };
		E50977261DBB11AB00500BAA /* NetworkState.m in Sources */ = {isa = PBXBuildFile; fileRef = E50977251DBB11AB00500BAA /* NetworkState.m */; };
		E50977291DBB137400500BAA /* Tool.m in Sources */ = {isa = PBXBuildFile; fileRef = E50977281DBB137400500BAA /* Tool.m */; };
		E509772D1DBB139B00500BAA /* MBProgressHUD.m in Sources */ = {isa = PBXBuildFile; fileRef = E509772C1DBB139B00500BAA /* MBProgressHUD.m */; };
		E527F6B51DE6947A00C070D8 /* LKDB+Mapping.m in Sources */ = {isa = PBXBuildFile; fileRef = E527F6AC1DE6947A00C070D8 /* LKDB+Mapping.m */; };
		E527F6B61DE6947A00C070D8 /* LKDBHelper.m in Sources */ = {isa = PBXBuildFile; fileRef = E527F6AE1DE6947A00C070D8 /* LKDBHelper.m */; };
		E527F6B71DE6947A00C070D8 /* LKDBUtils.m in Sources */ = {isa = PBXBuildFile; fileRef = E527F6B01DE6947A00C070D8 /* LKDBUtils.m */; };
		E527F6B81DE6947A00C070D8 /* NSObject+LKDBHelper.m in Sources */ = {isa = PBXBuildFile; fileRef = E527F6B21DE6947A00C070D8 /* NSObject+LKDBHelper.m */; };
		E527F6B91DE6947A00C070D8 /* NSObject+LKModel.m in Sources */ = {isa = PBXBuildFile; fileRef = E527F6B41DE6947A00C070D8 /* NSObject+LKModel.m */; };
		E527F6C21DE6C46700C070D8 /* BannModel.m in Sources */ = {isa = PBXBuildFile; fileRef = E527F6C11DE6C46700C070D8 /* BannModel.m */; };
		E527F6C51DE6D95E00C070D8 /* Reachability.m in Sources */ = {isa = PBXBuildFile; fileRef = E527F6C41DE6D95E00C070D8 /* Reachability.m */; };
		E527F6C71DE6D96F00C070D8 /* SystemConfiguration.framework in Frameworks */ = {isa = PBXBuildFile; fileRef = E527F6C61DE6D96F00C070D8 /* SystemConfiguration.framework */; };
		E58A897F1DB72A0D00CCEAC9 /* main.m in Sources */ = {isa = PBXBuildFile; fileRef = E58A897E1DB72A0D00CCEAC9 /* main.m */; };
		E58A89821DB72A0D00CCEAC9 /* AppDelegate.m in Sources */ = {isa = PBXBuildFile; fileRef = E58A89811DB72A0D00CCEAC9 /* AppDelegate.m */; };
		E58A89851DB72A0D00CCEAC9 /* ViewController.m in Sources */ = {isa = PBXBuildFile; fileRef = E58A89841DB72A0D00CCEAC9 /* ViewController.m */; };
		E58A89881DB72A0D00CCEAC9 /* Main.storyboard in Resources */ = {isa = PBXBuildFile; fileRef = E58A89861DB72A0D00CCEAC9 /* Main.storyboard */; };
		E58A898A1DB72A0D00CCEAC9 /* Assets.xcassets in Resources */ = {isa = PBXBuildFile; fileRef = E58A89891DB72A0D00CCEAC9 /* Assets.xcassets */; };
		E58A898D1DB72A0D00CCEAC9 /* LaunchScreen.storyboard in Resources */ = {isa = PBXBuildFile; fileRef = E58A898B1DB72A0D00CCEAC9 /* LaunchScreen.storyboard */; };
		E58A89981DB72A0D00CCEAC9 /* __Tests.m in Sources */ = {isa = PBXBuildFile; fileRef = E58A89971DB72A0D00CCEAC9 /* __Tests.m */; };
		E58A89A31DB72A0D00CCEAC9 /* __UITests.m in Sources */ = {isa = PBXBuildFile; fileRef = E58A89A21DB72A0D00CCEAC9 /* __UITests.m */; };
		E58A89B21DB750F200CCEAC9 /* YGBanner.m in Sources */ = {isa = PBXBuildFile; fileRef = E58A89B11DB750F200CCEAC9 /* YGBanner.m */; };
		E58A89DD1DB7523500CCEAC9 /* MKAnnotationView+WebCache.m in Sources */ = {isa = PBXBuildFile; fileRef = E58A89BD1DB7523500CCEAC9 /* MKAnnotationView+WebCache.m */; };
		E58A89DE1DB7523500CCEAC9 /* NSData+ImageContentType.m in Sources */ = {isa = PBXBuildFile; fileRef = E58A89BF1DB7523500CCEAC9 /* NSData+ImageContentType.m */; };
		E58A89DF1DB7523500CCEAC9 /* SDImageCache.m in Sources */ = {isa = PBXBuildFile; fileRef = E58A89C11DB7523500CCEAC9 /* SDImageCache.m */; };
		E58A89E01DB7523500CCEAC9 /* SDWebImageCompat.m in Sources */ = {isa = PBXBuildFile; fileRef = E58A89C31DB7523500CCEAC9 /* SDWebImageCompat.m */; };
		E58A89E11DB7523500CCEAC9 /* SDWebImageDecoder.m in Sources */ = {isa = PBXBuildFile; fileRef = E58A89C51DB7523500CCEAC9 /* SDWebImageDecoder.m */; };
		E58A89E21DB7523500CCEAC9 /* SDWebImageDownloader.m in Sources */ = {isa = PBXBuildFile; fileRef = E58A89C71DB7523500CCEAC9 /* SDWebImageDownloader.m */; };
		E58A89E31DB7523500CCEAC9 /* SDWebImageDownloaderOperation.m in Sources */ = {isa = PBXBuildFile; fileRef = E58A89C91DB7523500CCEAC9 /* SDWebImageDownloaderOperation.m */; };
		E58A89E41DB7523500CCEAC9 /* SDWebImageManager.m in Sources */ = {isa = PBXBuildFile; fileRef = E58A89CB1DB7523500CCEAC9 /* SDWebImageManager.m */; };
		E58A89E51DB7523500CCEAC9 /* SDWebImagePrefetcher.m in Sources */ = {isa = PBXBuildFile; fileRef = E58A89CE1DB7523500CCEAC9 /* SDWebImagePrefetcher.m */; };
		E58A89E61DB7523500CCEAC9 /* UIButton+WebCache.m in Sources */ = {isa = PBXBuildFile; fileRef = E58A89D01DB7523500CCEAC9 /* UIButton+WebCache.m */; };
		E58A89E71DB7523500CCEAC9 /* UIImage+GIF.m in Sources */ = {isa = PBXBuildFile; fileRef = E58A89D21DB7523500CCEAC9 /* UIImage+GIF.m */; };
		E58A89E81DB7523500CCEAC9 /* UIImage+MultiFormat.m in Sources */ = {isa = PBXBuildFile; fileRef = E58A89D41DB7523500CCEAC9 /* UIImage+MultiFormat.m */; };
		E58A89E91DB7523500CCEAC9 /* UIImage+WebP.m in Sources */ = {isa = PBXBuildFile; fileRef = E58A89D61DB7523500CCEAC9 /* UIImage+WebP.m */; };
		E58A89EA1DB7523500CCEAC9 /* UIImageView+HighlightedWebCache.m in Sources */ = {isa = PBXBuildFile; fileRef = E58A89D81DB7523500CCEAC9 /* UIImageView+HighlightedWebCache.m */; };
		E58A89EB1DB7523500CCEAC9 /* UIImageView+WebCache.m in Sources */ = {isa = PBXBuildFile; fileRef = E58A89DA1DB7523500CCEAC9 /* UIImageView+WebCache.m */; };
		E58A89EC1DB7523500CCEAC9 /* UIView+WebCacheOperation.m in Sources */ = {isa = PBXBuildFile; fileRef = E58A89DC1DB7523500CCEAC9 /* UIView+WebCacheOperation.m */; };
		E58A8A151DB75E1700CCEAC9 /* AFHTTPRequestOperation.m in Sources */ = {isa = PBXBuildFile; fileRef = E58A89F11DB75E1700CCEAC9 /* AFHTTPRequestOperation.m */; };
		E58A8A161DB75E1700CCEAC9 /* AFHTTPRequestOperationManager.m in Sources */ = {isa = PBXBuildFile; fileRef = E58A89F31DB75E1700CCEAC9 /* AFHTTPRequestOperationManager.m */; };
		E58A8A171DB75E1700CCEAC9 /* AFHTTPSessionManager.m in Sources */ = {isa = PBXBuildFile; fileRef = E58A89F51DB75E1700CCEAC9 /* AFHTTPSessionManager.m */; };
		E58A8A181DB75E1700CCEAC9 /* AFNetworkReachabilityManager.m in Sources */ = {isa = PBXBuildFile; fileRef = E58A89F81DB75E1700CCEAC9 /* AFNetworkReachabilityManager.m */; };
		E58A8A191DB75E1700CCEAC9 /* AFSecurityPolicy.m in Sources */ = {isa = PBXBuildFile; fileRef = E58A89FA1DB75E1700CCEAC9 /* AFSecurityPolicy.m */; };
		E58A8A1A1DB75E1700CCEAC9 /* AFURLConnectionOperation.m in Sources */ = {isa = PBXBuildFile; fileRef = E58A89FC1DB75E1700CCEAC9 /* AFURLConnectionOperation.m */; };
		E58A8A1B1DB75E1700CCEAC9 /* AFURLRequestSerialization.m in Sources */ = {isa = PBXBuildFile; fileRef = E58A89FE1DB75E1700CCEAC9 /* AFURLRequestSerialization.m */; };
		E58A8A1C1DB75E1700CCEAC9 /* AFURLResponseSerialization.m in Sources */ = {isa = PBXBuildFile; fileRef = E58A8A001DB75E1700CCEAC9 /* AFURLResponseSerialization.m */; };
		E58A8A1D1DB75E1700CCEAC9 /* AFURLSessionManager.m in Sources */ = {isa = PBXBuildFile; fileRef = E58A8A021DB75E1700CCEAC9 /* AFURLSessionManager.m */; };
		E58A8A1E1DB75E1700CCEAC9 /* AFNetworkActivityIndicatorManager.m in Sources */ = {isa = PBXBuildFile; fileRef = E58A8A051DB75E1700CCEAC9 /* AFNetworkActivityIndicatorManager.m */; };
		E58A8A1F1DB75E1700CCEAC9 /* UIActivityIndicatorView+AFNetworking.m in Sources */ = {isa = PBXBuildFile; fileRef = E58A8A071DB75E1700CCEAC9 /* UIActivityIndicatorView+AFNetworking.m */; };
		E58A8A201DB75E1700CCEAC9 /* UIAlertView+AFNetworking.m in Sources */ = {isa = PBXBuildFile; fileRef = E58A8A091DB75E1700CCEAC9 /* UIAlertView+AFNetworking.m */; };
		E58A8A211DB75E1700CCEAC9 /* UIButton+AFNetworking.m in Sources */ = {isa = PBXBuildFile; fileRef = E58A8A0B1DB75E1700CCEAC9 /* UIButton+AFNetworking.m */; };
		E58A8A221DB75E1700CCEAC9 /* UIImageView+AFNetworking.m in Sources */ = {isa = PBXBuildFile; fileRef = E58A8A0D1DB75E1700CCEAC9 /* UIImageView+AFNetworking.m */; };
		E58A8A231DB75E1700CCEAC9 /* UIProgressView+AFNetworking.m in Sources */ = {isa = PBXBuildFile; fileRef = E58A8A101DB75E1700CCEAC9 /* UIProgressView+AFNetworking.m */; };
		E58A8A241DB75E1700CCEAC9 /* UIRefreshControl+AFNetworking.m in Sources */ = {isa = PBXBuildFile; fileRef = E58A8A121DB75E1700CCEAC9 /* UIRefreshControl+AFNetworking.m */; };
		E58A8A251DB75E1700CCEAC9 /* UIWebView+AFNetworking.m in Sources */ = {isa = PBXBuildFile; fileRef = E58A8A141DB75E1700CCEAC9 /* UIWebView+AFNetworking.m */; };
		E58A8A281DB75F1600CCEAC9 /* HttpRequest.m in Sources */ = {isa = PBXBuildFile; fileRef = E58A8A271DB75F1600CCEAC9 /* HttpRequest.m */; };
		E58A8A2B1DB75F9900CCEAC9 /* BannerModel.m in Sources */ = {isa = PBXBuildFile; fileRef = E58A8A2A1DB75F9900CCEAC9 /* BannerModel.m */; };
		E58A8A461DB760B200CCEAC9 /* JSONModel.m in Sources */ = {isa = PBXBuildFile; fileRef = E58A8A2F1DB760B200CCEAC9 /* JSONModel.m */; };
		E58A8A471DB760B200CCEAC9 /* JSONModelArray.m in Sources */ = {isa = PBXBuildFile; fileRef = E58A8A311DB760B200CCEAC9 /* JSONModelArray.m */; };
		E58A8A481DB760B200CCEAC9 /* JSONModelClassProperty.m in Sources */ = {isa = PBXBuildFile; fileRef = E58A8A331DB760B200CCEAC9 /* JSONModelClassProperty.m */; };
		E58A8A491DB760B200CCEAC9 /* JSONModelError.m in Sources */ = {isa = PBXBuildFile; fileRef = E58A8A351DB760B200CCEAC9 /* JSONModelError.m */; };
		E58A8A4A1DB760B200CCEAC9 /* NSArray+JSONModel.m in Sources */ = {isa = PBXBuildFile; fileRef = E58A8A381DB760B200CCEAC9 /* NSArray+JSONModel.m */; };
		E58A8A4B1DB760B200CCEAC9 /* JSONAPI.m in Sources */ = {isa = PBXBuildFile; fileRef = E58A8A3C1DB760B200CCEAC9 /* JSONAPI.m */; };
		E58A8A4C1DB760B200CCEAC9 /* JSONHTTPClient.m in Sources */ = {isa = PBXBuildFile; fileRef = E58A8A3E1DB760B200CCEAC9 /* JSONHTTPClient.m */; };
		E58A8A4D1DB760B200CCEAC9 /* JSONModel+networking.m in Sources */ = {isa = PBXBuildFile; fileRef = E58A8A401DB760B200CCEAC9 /* JSONModel+networking.m */; };
		E58A8A4E1DB760B200CCEAC9 /* JSONKeyMapper.m in Sources */ = {isa = PBXBuildFile; fileRef = E58A8A431DB760B200CCEAC9 /* JSONKeyMapper.m */; };
		E58A8A4F1DB760B200CCEAC9 /* JSONValueTransformer.m in Sources */ = {isa = PBXBuildFile; fileRef = E58A8A451DB760B200CCEAC9 /* JSONValueTransformer.m */; };
		E58A8A6B1DB789D400CCEAC9 /* libsqlite3.tbd in Frameworks */ = {isa = PBXBuildFile; fileRef = E58A8A6A1DB789D400CCEAC9 /* libsqlite3.tbd */; };
		E58A8A781DB78A1900CCEAC9 /* FMDatabase.m in Sources */ = {isa = PBXBuildFile; fileRef = E58A8A6E1DB78A1900CCEAC9 /* FMDatabase.m */; };
		E58A8A791DB78A1900CCEAC9 /* FMDatabaseAdditions.m in Sources */ = {isa = PBXBuildFile; fileRef = E58A8A701DB78A1900CCEAC9 /* FMDatabaseAdditions.m */; };
		E58A8A7A1DB78A1900CCEAC9 /* FMDatabasePool.m in Sources */ = {isa = PBXBuildFile; fileRef = E58A8A721DB78A1900CCEAC9 /* FMDatabasePool.m */; };
		E58A8A7B1DB78A1900CCEAC9 /* FMDatabaseQueue.m in Sources */ = {isa = PBXBuildFile; fileRef = E58A8A741DB78A1900CCEAC9 /* FMDatabaseQueue.m */; };
		E58A8A7C1DB78A1900CCEAC9 /* FMResultSet.m in Sources */ = {isa = PBXBuildFile; fileRef = E58A8A771DB78A1900CCEAC9 /* FMResultSet.m */; };
		E58A8A7F1DB78A3600CCEAC9 /* BannerDB.m in Sources */ = {isa = PBXBuildFile; fileRef = E58A8A7E1DB78A3600CCEAC9 /* BannerDB.m */; };
/* End PBXBuildFile section */

/* Begin PBXContainerItemProxy section */
		E58A89941DB72A0D00CCEAC9 /* PBXContainerItemProxy */ = {
			isa = PBXContainerItemProxy;
			containerPortal = E58A89721DB72A0C00CCEAC9 /* Project object */;
			proxyType = 1;
			remoteGlobalIDString = E58A89791DB72A0C00CCEAC9;
			remoteInfo = "缓存";
		};
		E58A899F1DB72A0D00CCEAC9 /* PBXContainerItemProxy */ = {
			isa = PBXContainerItemProxy;
			containerPortal = E58A89721DB72A0C00CCEAC9 /* Project object */;
			proxyType = 1;
			remoteGlobalIDString = E58A89791DB72A0C00CCEAC9;
			remoteInfo = "缓存";
		};
/* End PBXContainerItemProxy section */

/* Begin PBXFileReference section */
		570F8C201E55AAAF005C0A14 /* Info.plist */ = {isa = PBXFileReference; fileEncoding = 4; lastKnownFileType = text.plist.xml; path = Info.plist; sourceTree = "<group>"; };
		570F8C211E55AAAF005C0A14 /* MJExtension.h */ = {isa = PBXFileReference; fileEncoding = 4; lastKnownFileType = sourcecode.c.h; path = MJExtension.h; sourceTree = "<group>"; };
		570F8C221E55AAAF005C0A14 /* MJExtensionConst.h */ = {isa = PBXFileReference; fileEncoding = 4; lastKnownFileType = sourcecode.c.h; path = MJExtensionConst.h; sourceTree = "<group>"; };
		570F8C231E55AAAF005C0A14 /* MJExtensionConst.m */ = {isa = PBXFileReference; fileEncoding = 4; lastKnownFileType = sourcecode.c.objc; path = MJExtensionConst.m; sourceTree = "<group>"; };
		570F8C241E55AAAF005C0A14 /* MJFoundation.h */ = {isa = PBXFileReference; fileEncoding = 4; lastKnownFileType = sourcecode.c.h; path = MJFoundation.h; sourceTree = "<group>"; };
		570F8C251E55AAAF005C0A14 /* MJFoundation.m */ = {isa = PBXFileReference; fileEncoding = 4; lastKnownFileType = sourcecode.c.objc; path = MJFoundation.m; sourceTree = "<group>"; };
		570F8C261E55AAAF005C0A14 /* MJProperty.h */ = {isa = PBXFileReference; fileEncoding = 4; lastKnownFileType = sourcecode.c.h; path = MJProperty.h; sourceTree = "<group>"; };
		570F8C271E55AAAF005C0A14 /* MJProperty.m */ = {isa = PBXFileReference; fileEncoding = 4; lastKnownFileType = sourcecode.c.objc; path = MJProperty.m; sourceTree = "<group>"; };
		570F8C281E55AAAF005C0A14 /* MJPropertyKey.h */ = {isa = PBXFileReference; fileEncoding = 4; lastKnownFileType = sourcecode.c.h; path = MJPropertyKey.h; sourceTree = "<group>"; };
		570F8C291E55AAAF005C0A14 /* MJPropertyKey.m */ = {isa = PBXFileReference; fileEncoding = 4; lastKnownFileType = sourcecode.c.objc; path = MJPropertyKey.m; sourceTree = "<group>"; };
		570F8C2A1E55AAAF005C0A14 /* MJPropertyType.h */ = {isa = PBXFileReference; fileEncoding = 4; lastKnownFileType = sourcecode.c.h; path = MJPropertyType.h; sourceTree = "<group>"; };
		570F8C2B1E55AAAF005C0A14 /* MJPropertyType.m */ = {isa = PBXFileReference; fileEncoding = 4; lastKnownFileType = sourcecode.c.objc; path = MJPropertyType.m; sourceTree = "<group>"; };
		570F8C2C1E55AAAF005C0A14 /* NSObject+MJClass.h */ = {isa = PBXFileReference; fileEncoding = 4; lastKnownFileType = sourcecode.c.h; path = "NSObject+MJClass.h"; sourceTree = "<group>"; };
		570F8C2D1E55AAAF005C0A14 /* NSObject+MJClass.m */ = {isa = PBXFileReference; fileEncoding = 4; lastKnownFileType = sourcecode.c.objc; path = "NSObject+MJClass.m"; sourceTree = "<group>"; };
		570F8C2E1E55AAAF005C0A14 /* NSObject+MJCoding.h */ = {isa = PBXFileReference; fileEncoding = 4; lastKnownFileType = sourcecode.c.h; path = "NSObject+MJCoding.h"; sourceTree = "<group>"; };
		570F8C2F1E55AAAF005C0A14 /* NSObject+MJCoding.m */ = {isa = PBXFileReference; fileEncoding = 4; lastKnownFileType = sourcecode.c.objc; path = "NSObject+MJCoding.m"; sourceTree = "<group>"; };
		570F8C301E55AAAF005C0A14 /* NSObject+MJKeyValue.h */ = {isa = PBXFileReference; fileEncoding = 4; lastKnownFileType = sourcecode.c.h; path = "NSObject+MJKeyValue.h"; sourceTree = "<group>"; };
		570F8C311E55AAAF005C0A14 /* NSObject+MJKeyValue.m */ = {isa = PBXFileReference; fileEncoding = 4; lastKnownFileType = sourcecode.c.objc; path = "NSObject+MJKeyValue.m"; sourceTree = "<group>"; };
		570F8C321E55AAAF005C0A14 /* NSObject+MJProperty.h */ = {isa = PBXFileReference; fileEncoding = 4; lastKnownFileType = sourcecode.c.h; path = "NSObject+MJProperty.h"; sourceTree = "<group>"; };
		570F8C331E55AAAF005C0A14 /* NSObject+MJProperty.m */ = {isa = PBXFileReference; fileEncoding = 4; lastKnownFileType = sourcecode.c.objc; path = "NSObject+MJProperty.m"; sourceTree = "<group>"; };
		570F8C341E55AAAF005C0A14 /* NSString+MJExtension.h */ = {isa = PBXFileReference; fileEncoding = 4; lastKnownFileType = sourcecode.c.h; path = "NSString+MJExtension.h"; sourceTree = "<group>"; };
		570F8C351E55AAAF005C0A14 /* NSString+MJExtension.m */ = {isa = PBXFileReference; fileEncoding = 4; lastKnownFileType = sourcecode.c.objc; path = "NSString+MJExtension.m"; sourceTree = "<group>"; };
		E50977241DBB11AB00500BAA /* NetworkState.h */ = {isa = PBXFileReference; fileEncoding = 4; lastKnownFileType = sourcecode.c.h; path = NetworkState.h; sourceTree = "<group>"; };
		E50977251DBB11AB00500BAA /* NetworkState.m */ = {isa = PBXFileReference; fileEncoding = 4; lastKnownFileType = sourcecode.c.objc; path = NetworkState.m; sourceTree = "<group>"; };
		E50977271DBB137400500BAA /* Tool.h */ = {isa = PBXFileReference; fileEncoding = 4; lastKnownFileType = sourcecode.c.h; path = Tool.h; sourceTree = "<group>"; };
		E50977281DBB137400500BAA /* Tool.m */ = {isa = PBXFileReference; fileEncoding = 4; lastKnownFileType = sourcecode.c.objc; path = Tool.m; sourceTree = "<group>"; };
		E509772B1DBB139B00500BAA /* MBProgressHUD.h */ = {isa = PBXFileReference; fileEncoding = 4; lastKnownFileType = sourcecode.c.h; path = MBProgressHUD.h; sourceTree = "<group>"; };
		E509772C1DBB139B00500BAA /* MBProgressHUD.m */ = {isa = PBXFileReference; fileEncoding = 4; lastKnownFileType = sourcecode.c.objc; path = MBProgressHUD.m; sourceTree = "<group>"; };
		E527F6AB1DE6947A00C070D8 /* LKDB+Mapping.h */ = {isa = PBXFileReference; fileEncoding = 4; lastKnownFileType = sourcecode.c.h; path = "LKDB+Mapping.h"; sourceTree = "<group>"; };
		E527F6AC1DE6947A00C070D8 /* LKDB+Mapping.m */ = {isa = PBXFileReference; fileEncoding = 4; lastKnownFileType = sourcecode.c.objc; path = "LKDB+Mapping.m"; sourceTree = "<group>"; };
		E527F6AD1DE6947A00C070D8 /* LKDBHelper.h */ = {isa = PBXFileReference; fileEncoding = 4; lastKnownFileType = sourcecode.c.h; path = LKDBHelper.h; sourceTree = "<group>"; };
		E527F6AE1DE6947A00C070D8 /* LKDBHelper.m */ = {isa = PBXFileReference; fileEncoding = 4; lastKnownFileType = sourcecode.c.objc; path = LKDBHelper.m; sourceTree = "<group>"; };
		E527F6AF1DE6947A00C070D8 /* LKDBUtils.h */ = {isa = PBXFileReference; fileEncoding = 4; lastKnownFileType = sourcecode.c.h; path = LKDBUtils.h; sourceTree = "<group>"; };
		E527F6B01DE6947A00C070D8 /* LKDBUtils.m */ = {isa = PBXFileReference; fileEncoding = 4; lastKnownFileType = sourcecode.c.objc; path = LKDBUtils.m; sourceTree = "<group>"; };
		E527F6B11DE6947A00C070D8 /* NSObject+LKDBHelper.h */ = {isa = PBXFileReference; fileEncoding = 4; lastKnownFileType = sourcecode.c.h; path = "NSObject+LKDBHelper.h"; sourceTree = "<group>"; };
		E527F6B21DE6947A00C070D8 /* NSObject+LKDBHelper.m */ = {isa = PBXFileReference; fileEncoding = 4; lastKnownFileType = sourcecode.c.objc; path = "NSObject+LKDBHelper.m"; sourceTree = "<group>"; };
		E527F6B31DE6947A00C070D8 /* NSObject+LKModel.h */ = {isa = PBXFileReference; fileEncoding = 4; lastKnownFileType = sourcecode.c.h; path = "NSObject+LKModel.h"; sourceTree = "<group>"; };
		E527F6B41DE6947A00C070D8 /* NSObject+LKModel.m */ = {isa = PBXFileReference; fileEncoding = 4; lastKnownFileType = sourcecode.c.objc; path = "NSObject+LKModel.m"; sourceTree = "<group>"; };
		E527F6C01DE6C46700C070D8 /* BannModel.h */ = {isa = PBXFileReference; fileEncoding = 4; lastKnownFileType = sourcecode.c.h; path = BannModel.h; sourceTree = "<group>"; };
		E527F6C11DE6C46700C070D8 /* BannModel.m */ = {isa = PBXFileReference; fileEncoding = 4; lastKnownFileType = sourcecode.c.objc; path = BannModel.m; sourceTree = "<group>"; };
		E527F6C31DE6D95E00C070D8 /* Reachability.h */ = {isa = PBXFileReference; fileEncoding = 4; lastKnownFileType = sourcecode.c.h; path = Reachability.h; sourceTree = "<group>"; };
		E527F6C41DE6D95E00C070D8 /* Reachability.m */ = {isa = PBXFileReference; fileEncoding = 4; lastKnownFileType = sourcecode.c.objc; path = Reachability.m; sourceTree = "<group>"; };
		E527F6C61DE6D96F00C070D8 /* SystemConfiguration.framework */ = {isa = PBXFileReference; lastKnownFileType = wrapper.framework; name = SystemConfiguration.framework; path = System/Library/Frameworks/SystemConfiguration.framework; sourceTree = SDKROOT; };
		E58A897A1DB72A0C00CCEAC9 /* 缓存.app */ = {isa = PBXFileReference; explicitFileType = wrapper.application; includeInIndex = 0; path = "缓存.app"; sourceTree = BUILT_PRODUCTS_DIR; };
		E58A897E1DB72A0D00CCEAC9 /* main.m */ = {isa = PBXFileReference; lastKnownFileType = sourcecode.c.objc; path = main.m; sourceTree = "<group>"; };
		E58A89801DB72A0D00CCEAC9 /* AppDelegate.h */ = {isa = PBXFileReference; lastKnownFileType = sourcecode.c.h; path = AppDelegate.h; sourceTree = "<group>"; };
		E58A89811DB72A0D00CCEAC9 /* AppDelegate.m */ = {isa = PBXFileReference; lastKnownFileType = sourcecode.c.objc; path = AppDelegate.m; sourceTree = "<group>"; };
		E58A89831DB72A0D00CCEAC9 /* ViewController.h */ = {isa = PBXFileReference; lastKnownFileType = sourcecode.c.h; path = ViewController.h; sourceTree = "<group>"; };
		E58A89841DB72A0D00CCEAC9 /* ViewController.m */ = {isa = PBXFileReference; lastKnownFileType = sourcecode.c.objc; path = ViewController.m; sourceTree = "<group>"; };
		E58A89871DB72A0D00CCEAC9 /* Base */ = {isa = PBXFileReference; lastKnownFileType = file.storyboard; name = Base; path = Base.lproj/Main.storyboard; sourceTree = "<group>"; };
		E58A89891DB72A0D00CCEAC9 /* Assets.xcassets */ = {isa = PBXFileReference; lastKnownFileType = folder.assetcatalog; path = Assets.xcassets; sourceTree = "<group>"; };
		E58A898C1DB72A0D00CCEAC9 /* Base */ = {isa = PBXFileReference; lastKnownFileType = file.storyboard; name = Base; path = Base.lproj/LaunchScreen.storyboard; sourceTree = "<group>"; };
		E58A898E1DB72A0D00CCEAC9 /* Info.plist */ = {isa = PBXFileReference; lastKnownFileType = text.plist.xml; path = Info.plist; sourceTree = "<group>"; };
		E58A89931DB72A0D00CCEAC9 /* 缓存Tests.xctest */ = {isa = PBXFileReference; explicitFileType = wrapper.cfbundle; includeInIndex = 0; path = "缓存Tests.xctest"; sourceTree = BUILT_PRODUCTS_DIR; };
		E58A89971DB72A0D00CCEAC9 /* __Tests.m */ = {isa = PBXFileReference; lastKnownFileType = sourcecode.c.objc; path = __Tests.m; sourceTree = "<group>"; };
		E58A89991DB72A0D00CCEAC9 /* Info.plist */ = {isa = PBXFileReference; lastKnownFileType = text.plist.xml; path = Info.plist; sourceTree = "<group>"; };
		E58A899E1DB72A0D00CCEAC9 /* 缓存UITests.xctest */ = {isa = PBXFileReference; explicitFileType = wrapper.cfbundle; includeInIndex = 0; path = "缓存UITests.xctest"; sourceTree = BUILT_PRODUCTS_DIR; };
		E58A89A21DB72A0D00CCEAC9 /* __UITests.m */ = {isa = PBXFileReference; lastKnownFileType = sourcecode.c.objc; path = __UITests.m; sourceTree = "<group>"; };
		E58A89A41DB72A0D00CCEAC9 /* Info.plist */ = {isa = PBXFileReference; lastKnownFileType = text.plist.xml; path = Info.plist; sourceTree = "<group>"; };
		E58A89B01DB750F200CCEAC9 /* YGBanner.h */ = {isa = PBXFileReference; fileEncoding = 4; lastKnownFileType = sourcecode.c.h; path = YGBanner.h; sourceTree = "<group>"; };
		E58A89B11DB750F200CCEAC9 /* YGBanner.m */ = {isa = PBXFileReference; fileEncoding = 4; lastKnownFileType = sourcecode.c.objc; path = YGBanner.m; sourceTree = "<group>"; };
		E58A89BC1DB7523500CCEAC9 /* MKAnnotationView+WebCache.h */ = {isa = PBXFileReference; fileEncoding = 4; lastKnownFileType = sourcecode.c.h; path = "MKAnnotationView+WebCache.h"; sourceTree = "<group>"; };
		E58A89BD1DB7523500CCEAC9 /* MKAnnotationView+WebCache.m */ = {isa = PBXFileReference; fileEncoding = 4; lastKnownFileType = sourcecode.c.objc; path = "MKAnnotationView+WebCache.m"; sourceTree = "<group>"; };
		E58A89BE1DB7523500CCEAC9 /* NSData+ImageContentType.h */ = {isa = PBXFileReference; fileEncoding = 4; lastKnownFileType = sourcecode.c.h; path = "NSData+ImageContentType.h"; sourceTree = "<group>"; };
		E58A89BF1DB7523500CCEAC9 /* NSData+ImageContentType.m */ = {isa = PBXFileReference; fileEncoding = 4; lastKnownFileType = sourcecode.c.objc; path = "NSData+ImageContentType.m"; sourceTree = "<group>"; };
		E58A89C01DB7523500CCEAC9 /* SDImageCache.h */ = {isa = PBXFileReference; fileEncoding = 4; lastKnownFileType = sourcecode.c.h; path = SDImageCache.h; sourceTree = "<group>"; };
		E58A89C11DB7523500CCEAC9 /* SDImageCache.m */ = {isa = PBXFileReference; fileEncoding = 4; lastKnownFileType = sourcecode.c.objc; path = SDImageCache.m; sourceTree = "<group>"; };
		E58A89C21DB7523500CCEAC9 /* SDWebImageCompat.h */ = {isa = PBXFileReference; fileEncoding = 4; lastKnownFileType = sourcecode.c.h; path = SDWebImageCompat.h; sourceTree = "<group>"; };
		E58A89C31DB7523500CCEAC9 /* SDWebImageCompat.m */ = {isa = PBXFileReference; fileEncoding = 4; lastKnownFileType = sourcecode.c.objc; path = SDWebImageCompat.m; sourceTree = "<group>"; };
		E58A89C41DB7523500CCEAC9 /* SDWebImageDecoder.h */ = {isa = PBXFileReference; fileEncoding = 4; lastKnownFileType = sourcecode.c.h; path = SDWebImageDecoder.h; sourceTree = "<group>"; };
		E58A89C51DB7523500CCEAC9 /* SDWebImageDecoder.m */ = {isa = PBXFileReference; fileEncoding = 4; lastKnownFileType = sourcecode.c.objc; path = SDWebImageDecoder.m; sourceTree = "<group>"; };
		E58A89C61DB7523500CCEAC9 /* SDWebImageDownloader.h */ = {isa = PBXFileReference; fileEncoding = 4; lastKnownFileType = sourcecode.c.h; path = SDWebImageDownloader.h; sourceTree = "<group>"; };
		E58A89C71DB7523500CCEAC9 /* SDWebImageDownloader.m */ = {isa = PBXFileReference; fileEncoding = 4; lastKnownFileType = sourcecode.c.objc; path = SDWebImageDownloader.m; sourceTree = "<group>"; };
		E58A89C81DB7523500CCEAC9 /* SDWebImageDownloaderOperation.h */ = {isa = PBXFileReference; fileEncoding = 4; lastKnownFileType = sourcecode.c.h; path = SDWebImageDownloaderOperation.h; sourceTree = "<group>"; };
		E58A89C91DB7523500CCEAC9 /* SDWebImageDownloaderOperation.m */ = {isa = PBXFileReference; fileEncoding = 4; lastKnownFileType = sourcecode.c.objc; path = SDWebImageDownloaderOperation.m; sourceTree = "<group>"; };
		E58A89CA1DB7523500CCEAC9 /* SDWebImageManager.h */ = {isa = PBXFileReference; fileEncoding = 4; lastKnownFileType = sourcecode.c.h; path = SDWebImageManager.h; sourceTree = "<group>"; };
		E58A89CB1DB7523500CCEAC9 /* SDWebImageManager.m */ = {isa = PBXFileReference; fileEncoding = 4; lastKnownFileType = sourcecode.c.objc; path = SDWebImageManager.m; sourceTree = "<group>"; };
		E58A89CC1DB7523500CCEAC9 /* SDWebImageOperation.h */ = {isa = PBXFileReference; fileEncoding = 4; lastKnownFileType = sourcecode.c.h; path = SDWebImageOperation.h; sourceTree = "<group>"; };
		E58A89CD1DB7523500CCEAC9 /* SDWebImagePrefetcher.h */ = {isa = PBXFileReference; fileEncoding = 4; lastKnownFileType = sourcecode.c.h; path = SDWebImagePrefetcher.h; sourceTree = "<group>"; };
		E58A89CE1DB7523500CCEAC9 /* SDWebImagePrefetcher.m */ = {isa = PBXFileReference; fileEncoding = 4; lastKnownFileType = sourcecode.c.objc; path = SDWebImagePrefetcher.m; sourceTree = "<group>"; };
		E58A89CF1DB7523500CCEAC9 /* UIButton+WebCache.h */ = {isa = PBXFileReference; fileEncoding = 4; lastKnownFileType = sourcecode.c.h; path = "UIButton+WebCache.h"; sourceTree = "<group>"; };
		E58A89D01DB7523500CCEAC9 /* UIButton+WebCache.m */ = {isa = PBXFileReference; fileEncoding = 4; lastKnownFileType = sourcecode.c.objc; path = "UIButton+WebCache.m"; sourceTree = "<group>"; };
		E58A89D11DB7523500CCEAC9 /* UIImage+GIF.h */ = {isa = PBXFileReference; fileEncoding = 4; lastKnownFileType = sourcecode.c.h; path = "UIImage+GIF.h"; sourceTree = "<group>"; };
		E58A89D21DB7523500CCEAC9 /* UIImage+GIF.m */ = {isa = PBXFileReference; fileEncoding = 4; lastKnownFileType = sourcecode.c.objc; path = "UIImage+GIF.m"; sourceTree = "<group>"; };
		E58A89D31DB7523500CCEAC9 /* UIImage+MultiFormat.h */ = {isa = PBXFileReference; fileEncoding = 4; lastKnownFileType = sourcecode.c.h; path = "UIImage+MultiFormat.h"; sourceTree = "<group>"; };
		E58A89D41DB7523500CCEAC9 /* UIImage+MultiFormat.m */ = {isa = PBXFileReference; fileEncoding = 4; lastKnownFileType = sourcecode.c.objc; path = "UIImage+MultiFormat.m"; sourceTree = "<group>"; };
		E58A89D51DB7523500CCEAC9 /* UIImage+WebP.h */ = {isa = PBXFileReference; fileEncoding = 4; lastKnownFileType = sourcecode.c.h; path = "UIImage+WebP.h"; sourceTree = "<group>"; };
		E58A89D61DB7523500CCEAC9 /* UIImage+WebP.m */ = {isa = PBXFileReference; fileEncoding = 4; lastKnownFileType = sourcecode.c.objc; path = "UIImage+WebP.m"; sourceTree = "<group>"; };
		E58A89D71DB7523500CCEAC9 /* UIImageView+HighlightedWebCache.h */ = {isa = PBXFileReference; fileEncoding = 4; lastKnownFileType = sourcecode.c.h; path = "UIImageView+HighlightedWebCache.h"; sourceTree = "<group>"; };
		E58A89D81DB7523500CCEAC9 /* UIImageView+HighlightedWebCache.m */ = {isa = PBXFileReference; fileEncoding = 4; lastKnownFileType = sourcecode.c.objc; path = "UIImageView+HighlightedWebCache.m"; sourceTree = "<group>"; };
		E58A89D91DB7523500CCEAC9 /* UIImageView+WebCache.h */ = {isa = PBXFileReference; fileEncoding = 4; lastKnownFileType = sourcecode.c.h; path = "UIImageView+WebCache.h"; sourceTree = "<group>"; };
		E58A89DA1DB7523500CCEAC9 /* UIImageView+WebCache.m */ = {isa = PBXFileReference; fileEncoding = 4; lastKnownFileType = sourcecode.c.objc; path = "UIImageView+WebCache.m"; sourceTree = "<group>"; };
		E58A89DB1DB7523500CCEAC9 /* UIView+WebCacheOperation.h */ = {isa = PBXFileReference; fileEncoding = 4; lastKnownFileType = sourcecode.c.h; path = "UIView+WebCacheOperation.h"; sourceTree = "<group>"; };
		E58A89DC1DB7523500CCEAC9 /* UIView+WebCacheOperation.m */ = {isa = PBXFileReference; fileEncoding = 4; lastKnownFileType = sourcecode.c.objc; path = "UIView+WebCacheOperation.m"; sourceTree = "<group>"; };
		E58A89F01DB75E1700CCEAC9 /* AFHTTPRequestOperation.h */ = {isa = PBXFileReference; fileEncoding = 4; lastKnownFileType = sourcecode.c.h; path = AFHTTPRequestOperation.h; sourceTree = "<group>"; };
		E58A89F11DB75E1700CCEAC9 /* AFHTTPRequestOperation.m */ = {isa = PBXFileReference; fileEncoding = 4; lastKnownFileType = sourcecode.c.objc; path = AFHTTPRequestOperation.m; sourceTree = "<group>"; };
		E58A89F21DB75E1700CCEAC9 /* AFHTTPRequestOperationManager.h */ = {isa = PBXFileReference; fileEncoding = 4; lastKnownFileType = sourcecode.c.h; path = AFHTTPRequestOperationManager.h; sourceTree = "<group>"; };
		E58A89F31DB75E1700CCEAC9 /* AFHTTPRequestOperationManager.m */ = {isa = PBXFileReference; fileEncoding = 4; lastKnownFileType = sourcecode.c.objc; path = AFHTTPRequestOperationManager.m; sourceTree = "<group>"; };
		E58A89F41DB75E1700CCEAC9 /* AFHTTPSessionManager.h */ = {isa = PBXFileReference; fileEncoding = 4; lastKnownFileType = sourcecode.c.h; path = AFHTTPSessionManager.h; sourceTree = "<group>"; };
		E58A89F51DB75E1700CCEAC9 /* AFHTTPSessionManager.m */ = {isa = PBXFileReference; fileEncoding = 4; lastKnownFileType = sourcecode.c.objc; path = AFHTTPSessionManager.m; sourceTree = "<group>"; };
		E58A89F61DB75E1700CCEAC9 /* AFNetworking.h */ = {isa = PBXFileReference; fileEncoding = 4; lastKnownFileType = sourcecode.c.h; path = AFNetworking.h; sourceTree = "<group>"; };
		E58A89F71DB75E1700CCEAC9 /* AFNetworkReachabilityManager.h */ = {isa = PBXFileReference; fileEncoding = 4; lastKnownFileType = sourcecode.c.h; path = AFNetworkReachabilityManager.h; sourceTree = "<group>"; };
		E58A89F81DB75E1700CCEAC9 /* AFNetworkReachabilityManager.m */ = {isa = PBXFileReference; fileEncoding = 4; lastKnownFileType = sourcecode.c.objc; path = AFNetworkReachabilityManager.m; sourceTree = "<group>"; };
		E58A89F91DB75E1700CCEAC9 /* AFSecurityPolicy.h */ = {isa = PBXFileReference; fileEncoding = 4; lastKnownFileType = sourcecode.c.h; path = AFSecurityPolicy.h; sourceTree = "<group>"; };
		E58A89FA1DB75E1700CCEAC9 /* AFSecurityPolicy.m */ = {isa = PBXFileReference; fileEncoding = 4; lastKnownFileType = sourcecode.c.objc; path = AFSecurityPolicy.m; sourceTree = "<group>"; };
		E58A89FB1DB75E1700CCEAC9 /* AFURLConnectionOperation.h */ = {isa = PBXFileReference; fileEncoding = 4; lastKnownFileType = sourcecode.c.h; path = AFURLConnectionOperation.h; sourceTree = "<group>"; };
		E58A89FC1DB75E1700CCEAC9 /* AFURLConnectionOperation.m */ = {isa = PBXFileReference; fileEncoding = 4; lastKnownFileType = sourcecode.c.objc; path = AFURLConnectionOperation.m; sourceTree = "<group>"; };
		E58A89FD1DB75E1700CCEAC9 /* AFURLRequestSerialization.h */ = {isa = PBXFileReference; fileEncoding = 4; lastKnownFileType = sourcecode.c.h; path = AFURLRequestSerialization.h; sourceTree = "<group>"; };
		E58A89FE1DB75E1700CCEAC9 /* AFURLRequestSerialization.m */ = {isa = PBXFileReference; fileEncoding = 4; lastKnownFileType = sourcecode.c.objc; path = AFURLRequestSerialization.m; sourceTree = "<group>"; };
		E58A89FF1DB75E1700CCEAC9 /* AFURLResponseSerialization.h */ = {isa = PBXFileReference; fileEncoding = 4; lastKnownFileType = sourcecode.c.h; path = AFURLResponseSerialization.h; sourceTree = "<group>"; };
		E58A8A001DB75E1700CCEAC9 /* AFURLResponseSerialization.m */ = {isa = PBXFileReference; fileEncoding = 4; lastKnownFileType = sourcecode.c.objc; path = AFURLResponseSerialization.m; sourceTree = "<group>"; };
		E58A8A011DB75E1700CCEAC9 /* AFURLSessionManager.h */ = {isa = PBXFileReference; fileEncoding = 4; lastKnownFileType = sourcecode.c.h; path = AFURLSessionManager.h; sourceTree = "<group>"; };
		E58A8A021DB75E1700CCEAC9 /* AFURLSessionManager.m */ = {isa = PBXFileReference; fileEncoding = 4; lastKnownFileType = sourcecode.c.objc; path = AFURLSessionManager.m; sourceTree = "<group>"; };
		E58A8A041DB75E1700CCEAC9 /* AFNetworkActivityIndicatorManager.h */ = {isa = PBXFileReference; fileEncoding = 4; lastKnownFileType = sourcecode.c.h; path = AFNetworkActivityIndicatorManager.h; sourceTree = "<group>"; };
		E58A8A051DB75E1700CCEAC9 /* AFNetworkActivityIndicatorManager.m */ = {isa = PBXFileReference; fileEncoding = 4; lastKnownFileType = sourcecode.c.objc; path = AFNetworkActivityIndicatorManager.m; sourceTree = "<group>"; };
		E58A8A061DB75E1700CCEAC9 /* UIActivityIndicatorView+AFNetworking.h */ = {isa = PBXFileReference; fileEncoding = 4; lastKnownFileType = sourcecode.c.h; path = "UIActivityIndicatorView+AFNetworking.h"; sourceTree = "<group>"; };
		E58A8A071DB75E1700CCEAC9 /* UIActivityIndicatorView+AFNetworking.m */ = {isa = PBXFileReference; fileEncoding = 4; lastKnownFileType = sourcecode.c.objc; path = "UIActivityIndicatorView+AFNetworking.m"; sourceTree = "<group>"; };
		E58A8A081DB75E1700CCEAC9 /* UIAlertView+AFNetworking.h */ = {isa = PBXFileReference; fileEncoding = 4; lastKnownFileType = sourcecode.c.h; path = "UIAlertView+AFNetworking.h"; sourceTree = "<group>"; };
		E58A8A091DB75E1700CCEAC9 /* UIAlertView+AFNetworking.m */ = {isa = PBXFileReference; fileEncoding = 4; lastKnownFileType = sourcecode.c.objc; path = "UIAlertView+AFNetworking.m"; sourceTree = "<group>"; };
		E58A8A0A1DB75E1700CCEAC9 /* UIButton+AFNetworking.h */ = {isa = PBXFileReference; fileEncoding = 4; lastKnownFileType = sourcecode.c.h; path = "UIButton+AFNetworking.h"; sourceTree = "<group>"; };
		E58A8A0B1DB75E1700CCEAC9 /* UIButton+AFNetworking.m */ = {isa = PBXFileReference; fileEncoding = 4; lastKnownFileType = sourcecode.c.objc; path = "UIButton+AFNetworking.m"; sourceTree = "<group>"; };
		E58A8A0C1DB75E1700CCEAC9 /* UIImageView+AFNetworking.h */ = {isa = PBXFileReference; fileEncoding = 4; lastKnownFileType = sourcecode.c.h; path = "UIImageView+AFNetworking.h"; sourceTree = "<group>"; };
		E58A8A0D1DB75E1700CCEAC9 /* UIImageView+AFNetworking.m */ = {isa = PBXFileReference; fileEncoding = 4; lastKnownFileType = sourcecode.c.objc; path = "UIImageView+AFNetworking.m"; sourceTree = "<group>"; };
		E58A8A0E1DB75E1700CCEAC9 /* UIKit+AFNetworking.h */ = {isa = PBXFileReference; fileEncoding = 4; lastKnownFileType = sourcecode.c.h; path = "UIKit+AFNetworking.h"; sourceTree = "<group>"; };
		E58A8A0F1DB75E1700CCEAC9 /* UIProgressView+AFNetworking.h */ = {isa = PBXFileReference; fileEncoding = 4; lastKnownFileType = sourcecode.c.h; path = "UIProgressView+AFNetworking.h"; sourceTree = "<group>"; };
		E58A8A101DB75E1700CCEAC9 /* UIProgressView+AFNetworking.m */ = {isa = PBXFileReference; fileEncoding = 4; lastKnownFileType = sourcecode.c.objc; path = "UIProgressView+AFNetworking.m"; sourceTree = "<group>"; };
		E58A8A111DB75E1700CCEAC9 /* UIRefreshControl+AFNetworking.h */ = {isa = PBXFileReference; fileEncoding = 4; lastKnownFileType = sourcecode.c.h; path = "UIRefreshControl+AFNetworking.h"; sourceTree = "<group>"; };
		E58A8A121DB75E1700CCEAC9 /* UIRefreshControl+AFNetworking.m */ = {isa = PBXFileReference; fileEncoding = 4; lastKnownFileType = sourcecode.c.objc; path = "UIRefreshControl+AFNetworking.m"; sourceTree = "<group>"; };
		E58A8A131DB75E1700CCEAC9 /* UIWebView+AFNetworking.h */ = {isa = PBXFileReference; fileEncoding = 4; lastKnownFileType = sourcecode.c.h; path = "UIWebView+AFNetworking.h"; sourceTree = "<group>"; };
		E58A8A141DB75E1700CCEAC9 /* UIWebView+AFNetworking.m */ = {isa = PBXFileReference; fileEncoding = 4; lastKnownFileType = sourcecode.c.objc; path = "UIWebView+AFNetworking.m"; sourceTree = "<group>"; };
		E58A8A261DB75F1600CCEAC9 /* HttpRequest.h */ = {isa = PBXFileReference; fileEncoding = 4; lastKnownFileType = sourcecode.c.h; path = HttpRequest.h; sourceTree = "<group>"; };
		E58A8A271DB75F1600CCEAC9 /* HttpRequest.m */ = {isa = PBXFileReference; fileEncoding = 4; lastKnownFileType = sourcecode.c.objc; path = HttpRequest.m; sourceTree = "<group>"; };
		E58A8A291DB75F9900CCEAC9 /* BannerModel.h */ = {isa = PBXFileReference; fileEncoding = 4; lastKnownFileType = sourcecode.c.h; path = BannerModel.h; sourceTree = "<group>"; };
		E58A8A2A1DB75F9900CCEAC9 /* BannerModel.m */ = {isa = PBXFileReference; fileEncoding = 4; lastKnownFileType = sourcecode.c.objc; path = BannerModel.m; sourceTree = "<group>"; };
		E58A8A2E1DB760B200CCEAC9 /* JSONModel.h */ = {isa = PBXFileReference; fileEncoding = 4; lastKnownFileType = sourcecode.c.h; path = JSONModel.h; sourceTree = "<group>"; };
		E58A8A2F1DB760B200CCEAC9 /* JSONModel.m */ = {isa = PBXFileReference; fileEncoding = 4; lastKnownFileType = sourcecode.c.objc; path = JSONModel.m; sourceTree = "<group>"; };
		E58A8A301DB760B200CCEAC9 /* JSONModelArray.h */ = {isa = PBXFileReference; fileEncoding = 4; lastKnownFileType = sourcecode.c.h; path = JSONModelArray.h; sourceTree = "<group>"; };
		E58A8A311DB760B200CCEAC9 /* JSONModelArray.m */ = {isa = PBXFileReference; fileEncoding = 4; lastKnownFileType = sourcecode.c.objc; path = JSONModelArray.m; sourceTree = "<group>"; };
		E58A8A321DB760B200CCEAC9 /* JSONModelClassProperty.h */ = {isa = PBXFileReference; fileEncoding = 4; lastKnownFileType = sourcecode.c.h; path = JSONModelClassProperty.h; sourceTree = "<group>"; };
		E58A8A331DB760B200CCEAC9 /* JSONModelClassProperty.m */ = {isa = PBXFileReference; fileEncoding = 4; lastKnownFileType = sourcecode.c.objc; path = JSONModelClassProperty.m; sourceTree = "<group>"; };
		E58A8A341DB760B200CCEAC9 /* JSONModelError.h */ = {isa = PBXFileReference; fileEncoding = 4; lastKnownFileType = sourcecode.c.h; path = JSONModelError.h; sourceTree = "<group>"; };
		E58A8A351DB760B200CCEAC9 /* JSONModelError.m */ = {isa = PBXFileReference; fileEncoding = 4; lastKnownFileType = sourcecode.c.objc; path = JSONModelError.m; sourceTree = "<group>"; };
		E58A8A371DB760B200CCEAC9 /* NSArray+JSONModel.h */ = {isa = PBXFileReference; fileEncoding = 4; lastKnownFileType = sourcecode.c.h; path = "NSArray+JSONModel.h"; sourceTree = "<group>"; };
		E58A8A381DB760B200CCEAC9 /* NSArray+JSONModel.m */ = {isa = PBXFileReference; fileEncoding = 4; lastKnownFileType = sourcecode.c.objc; path = "NSArray+JSONModel.m"; sourceTree = "<group>"; };
		E58A8A391DB760B200CCEAC9 /* JSONModelLib.h */ = {isa = PBXFileReference; fileEncoding = 4; lastKnownFileType = sourcecode.c.h; path = JSONModelLib.h; sourceTree = "<group>"; };
		E58A8A3B1DB760B200CCEAC9 /* JSONAPI.h */ = {isa = PBXFileReference; fileEncoding = 4; lastKnownFileType = sourcecode.c.h; path = JSONAPI.h; sourceTree = "<group>"; };
		E58A8A3C1DB760B200CCEAC9 /* JSONAPI.m */ = {isa = PBXFileReference; fileEncoding = 4; lastKnownFileType = sourcecode.c.objc; path = JSONAPI.m; sourceTree = "<group>"; };
		E58A8A3D1DB760B200CCEAC9 /* JSONHTTPClient.h */ = {isa = PBXFileReference; fileEncoding = 4; lastKnownFileType = sourcecode.c.h; path = JSONHTTPClient.h; sourceTree = "<group>"; };
		E58A8A3E1DB760B200CCEAC9 /* JSONHTTPClient.m */ = {isa = PBXFileReference; fileEncoding = 4; lastKnownFileType = sourcecode.c.objc; path = JSONHTTPClient.m; sourceTree = "<group>"; };
		E58A8A3F1DB760B200CCEAC9 /* JSONModel+networking.h */ = {isa = PBXFileReference; fileEncoding = 4; lastKnownFileType = sourcecode.c.h; path = "JSONModel+networking.h"; sourceTree = "<group>"; };
		E58A8A401DB760B200CCEAC9 /* JSONModel+networking.m */ = {isa = PBXFileReference; fileEncoding = 4; lastKnownFileType = sourcecode.c.objc; path = "JSONModel+networking.m"; sourceTree = "<group>"; };
		E58A8A421DB760B200CCEAC9 /* JSONKeyMapper.h */ = {isa = PBXFileReference; fileEncoding = 4; lastKnownFileType = sourcecode.c.h; path = JSONKeyMapper.h; sourceTree = "<group>"; };
		E58A8A431DB760B200CCEAC9 /* JSONKeyMapper.m */ = {isa = PBXFileReference; fileEncoding = 4; lastKnownFileType = sourcecode.c.objc; path = JSONKeyMapper.m; sourceTree = "<group>"; };
		E58A8A441DB760B200CCEAC9 /* JSONValueTransformer.h */ = {isa = PBXFileReference; fileEncoding = 4; lastKnownFileType = sourcecode.c.h; path = JSONValueTransformer.h; sourceTree = "<group>"; };
		E58A8A451DB760B200CCEAC9 /* JSONValueTransformer.m */ = {isa = PBXFileReference; fileEncoding = 4; lastKnownFileType = sourcecode.c.objc; path = JSONValueTransformer.m; sourceTree = "<group>"; };
		E58A8A6A1DB789D400CCEAC9 /* libsqlite3.tbd */ = {isa = PBXFileReference; lastKnownFileType = "sourcecode.text-based-dylib-definition"; name = libsqlite3.tbd; path = usr/lib/libsqlite3.tbd; sourceTree = SDKROOT; };
		E58A8A6D1DB78A1900CCEAC9 /* FMDatabase.h */ = {isa = PBXFileReference; fileEncoding = 4; lastKnownFileType = sourcecode.c.h; path = FMDatabase.h; sourceTree = "<group>"; };
		E58A8A6E1DB78A1900CCEAC9 /* FMDatabase.m */ = {isa = PBXFileReference; fileEncoding = 4; lastKnownFileType = sourcecode.c.objc; path = FMDatabase.m; sourceTree = "<group>"; };
		E58A8A6F1DB78A1900CCEAC9 /* FMDatabaseAdditions.h */ = {isa = PBXFileReference; fileEncoding = 4; lastKnownFileType = sourcecode.c.h; path = FMDatabaseAdditions.h; sourceTree = "<group>"; };
		E58A8A701DB78A1900CCEAC9 /* FMDatabaseAdditions.m */ = {isa = PBXFileReference; fileEncoding = 4; lastKnownFileType = sourcecode.c.objc; path = FMDatabaseAdditions.m; sourceTree = "<group>"; };
		E58A8A711DB78A1900CCEAC9 /* FMDatabasePool.h */ = {isa = PBXFileReference; fileEncoding = 4; lastKnownFileType = sourcecode.c.h; path = FMDatabasePool.h; sourceTree = "<group>"; };
		E58A8A721DB78A1900CCEAC9 /* FMDatabasePool.m */ = {isa = PBXFileReference; fileEncoding = 4; lastKnownFileType = sourcecode.c.objc; path = FMDatabasePool.m; sourceTree = "<group>"; };
		E58A8A731DB78A1900CCEAC9 /* FMDatabaseQueue.h */ = {isa = PBXFileReference; fileEncoding = 4; lastKnownFileType = sourcecode.c.h; path = FMDatabaseQueue.h; sourceTree = "<group>"; };
		E58A8A741DB78A1900CCEAC9 /* FMDatabaseQueue.m */ = {isa = PBXFileReference; fileEncoding = 4; lastKnownFileType = sourcecode.c.objc; path = FMDatabaseQueue.m; sourceTree = "<group>"; };
		E58A8A751DB78A1900CCEAC9 /* FMDB.h */ = {isa = PBXFileReference; fileEncoding = 4; lastKnownFileType = sourcecode.c.h; path = FMDB.h; sourceTree = "<group>"; };
		E58A8A761DB78A1900CCEAC9 /* FMResultSet.h */ = {isa = PBXFileReference; fileEncoding = 4; lastKnownFileType = sourcecode.c.h; path = FMResultSet.h; sourceTree = "<group>"; };
		E58A8A771DB78A1900CCEAC9 /* FMResultSet.m */ = {isa = PBXFileReference; fileEncoding = 4; lastKnownFileType = sourcecode.c.objc; path = FMResultSet.m; sourceTree = "<group>"; };
		E58A8A7D1DB78A3600CCEAC9 /* BannerDB.h */ = {isa = PBXFileReference; fileEncoding = 4; lastKnownFileType = sourcecode.c.h; path = BannerDB.h; sourceTree = "<group>"; };
		E58A8A7E1DB78A3600CCEAC9 /* BannerDB.m */ = {isa = PBXFileReference; fileEncoding = 4; lastKnownFileType = sourcecode.c.objc; path = BannerDB.m; sourceTree = "<group>"; };
/* End PBXFileReference section */

/* Begin PBXFrameworksBuildPhase section */
		E58A89771DB72A0C00CCEAC9 /* Frameworks */ = {
			isa = PBXFrameworksBuildPhase;
			buildActionMask = 2147483647;
			files = (
				E527F6C71DE6D96F00C070D8 /* SystemConfiguration.framework in Frameworks */,
				E58A8A6B1DB789D400CCEAC9 /* libsqlite3.tbd in Frameworks */,
			);
			runOnlyForDeploymentPostprocessing = 0;
		};
		E58A89901DB72A0D00CCEAC9 /* Frameworks */ = {
			isa = PBXFrameworksBuildPhase;
			buildActionMask = 2147483647;
			files = (
			);
			runOnlyForDeploymentPostprocessing = 0;
		};
		E58A899B1DB72A0D00CCEAC9 /* Frameworks */ = {
			isa = PBXFrameworksBuildPhase;
			buildActionMask = 2147483647;
			files = (
			);
			runOnlyForDeploymentPostprocessing = 0;
		};
/* End PBXFrameworksBuildPhase section */

/* Begin PBXGroup section */
		570F8C1F1E55AAAF005C0A14 /* MJExtension */ = {
			isa = PBXGroup;
			children = (
				570F8C201E55AAAF005C0A14 /* Info.plist */,
				570F8C211E55AAAF005C0A14 /* MJExtension.h */,
				570F8C221E55AAAF005C0A14 /* MJExtensionConst.h */,
				570F8C231E55AAAF005C0A14 /* MJExtensionConst.m */,
				570F8C241E55AAAF005C0A14 /* MJFoundation.h */,
				570F8C251E55AAAF005C0A14 /* MJFoundation.m */,
				570F8C261E55AAAF005C0A14 /* MJProperty.h */,
				570F8C271E55AAAF005C0A14 /* MJProperty.m */,
				570F8C281E55AAAF005C0A14 /* MJPropertyKey.h */,
				570F8C291E55AAAF005C0A14 /* MJPropertyKey.m */,
				570F8C2A1E55AAAF005C0A14 /* MJPropertyType.h */,
				570F8C2B1E55AAAF005C0A14 /* MJPropertyType.m */,
				570F8C2C1E55AAAF005C0A14 /* NSObject+MJClass.h */,
				570F8C2D1E55AAAF005C0A14 /* NSObject+MJClass.m */,
				570F8C2E1E55AAAF005C0A14 /* NSObject+MJCoding.h */,
				570F8C2F1E55AAAF005C0A14 /* NSObject+MJCoding.m */,
				570F8C301E55AAAF005C0A14 /* NSObject+MJKeyValue.h */,
				570F8C311E55AAAF005C0A14 /* NSObject+MJKeyValue.m */,
				570F8C321E55AAAF005C0A14 /* NSObject+MJProperty.h */,
				570F8C331E55AAAF005C0A14 /* NSObject+MJProperty.m */,
				570F8C341E55AAAF005C0A14 /* NSString+MJExtension.h */,
				570F8C351E55AAAF005C0A14 /* NSString+MJExtension.m */,
			);
			path = MJExtension;
			sourceTree = "<group>";
		};
		E50977231DBB119200500BAA /* NetworkState */ = {
			isa = PBXGroup;
			children = (
				E50977241DBB11AB00500BAA /* NetworkState.h */,
				E50977251DBB11AB00500BAA /* NetworkState.m */,
				E527F6C31DE6D95E00C070D8 /* Reachability.h */,
				E527F6C41DE6D95E00C070D8 /* Reachability.m */,
			);
			name = NetworkState;
			sourceTree = "<group>";
		};
		E509772A1DBB139B00500BAA /* MBProgressHUD */ = {
			isa = PBXGroup;
			children = (
				E509772B1DBB139B00500BAA /* MBProgressHUD.h */,
				E509772C1DBB139B00500BAA /* MBProgressHUD.m */,
			);
			path = MBProgressHUD;
			sourceTree = "<group>";
		};
		E509772E1DBB141700500BAA /* Tool */ = {
			isa = PBXGroup;
			children = (
				E58A8A261DB75F1600CCEAC9 /* HttpRequest.h */,
				E58A8A271DB75F1600CCEAC9 /* HttpRequest.m */,
				E50977271DBB137400500BAA /* Tool.h */,
				E50977281DBB137400500BAA /* Tool.m */,
			);
			name = Tool;
			sourceTree = "<group>";
		};
		E527F6AA1DE6946D00C070D8 /* LKDBHelper */ = {
			isa = PBXGroup;
			children = (
				E527F6AB1DE6947A00C070D8 /* LKDB+Mapping.h */,
				E527F6AC1DE6947A00C070D8 /* LKDB+Mapping.m */,
				E527F6AD1DE6947A00C070D8 /* LKDBHelper.h */,
				E527F6AE1DE6947A00C070D8 /* LKDBHelper.m */,
				E527F6AF1DE6947A00C070D8 /* LKDBUtils.h */,
				E527F6B01DE6947A00C070D8 /* LKDBUtils.m */,
				E527F6B11DE6947A00C070D8 /* NSObject+LKDBHelper.h */,
				E527F6B21DE6947A00C070D8 /* NSObject+LKDBHelper.m */,
				E527F6B31DE6947A00C070D8 /* NSObject+LKModel.h */,
				E527F6B41DE6947A00C070D8 /* NSObject+LKModel.m */,
			);
			name = LKDBHelper;
			sourceTree = "<group>";
		};
		E58A89711DB72A0C00CCEAC9 = {
			isa = PBXGroup;
			children = (
				E58A897C1DB72A0C00CCEAC9 /* 缓存 */,
				E58A89961DB72A0D00CCEAC9 /* 缓存Tests */,
				E58A89A11DB72A0D00CCEAC9 /* 缓存UITests */,
				E58A897B1DB72A0C00CCEAC9 /* Products */,
				E58A8A691DB789D400CCEAC9 /* Frameworks */,
			);
			sourceTree = "<group>";
		};
		E58A897B1DB72A0C00CCEAC9 /* Products */ = {
			isa = PBXGroup;
			children = (
				E58A897A1DB72A0C00CCEAC9 /* 缓存.app */,
				E58A89931DB72A0D00CCEAC9 /* 缓存Tests.xctest */,
				E58A899E1DB72A0D00CCEAC9 /* 缓存UITests.xctest */,
			);
			name = Products;
			sourceTree = "<group>";
		};
		E58A897C1DB72A0C00CCEAC9 /* 缓存 */ = {
			isa = PBXGroup;
			children = (
				E509772E1DBB141700500BAA /* Tool */,
				E50977231DBB119200500BAA /* NetworkState */,
				E58A89ED1DB75E0000CCEAC9 /* lib */,
				E58A8A541DB767B600CCEAC9 /* Banner */,
				E58A8A531DB7678700CCEAC9 /* Database */,
				E58A89801DB72A0D00CCEAC9 /* AppDelegate.h */,
				E58A89811DB72A0D00CCEAC9 /* AppDelegate.m */,
				E58A89831DB72A0D00CCEAC9 /* ViewController.h */,
				E58A89841DB72A0D00CCEAC9 /* ViewController.m */,
				E58A89861DB72A0D00CCEAC9 /* Main.storyboard */,
				E58A89891DB72A0D00CCEAC9 /* Assets.xcassets */,
				E58A898B1DB72A0D00CCEAC9 /* LaunchScreen.storyboard */,
				E58A898E1DB72A0D00CCEAC9 /* Info.plist */,
				E58A897D1DB72A0D00CCEAC9 /* Supporting Files */,
			);
			path = "缓存";
			sourceTree = "<group>";
		};
		E58A897D1DB72A0D00CCEAC9 /* Supporting Files */ = {
			isa = PBXGroup;
			children = (
				E58A897E1DB72A0D00CCEAC9 /* main.m */,
			);
			name = "Supporting Files";
			sourceTree = "<group>";
		};
		E58A89961DB72A0D00CCEAC9 /* 缓存Tests */ = {
			isa = PBXGroup;
			children = (
				E58A89971DB72A0D00CCEAC9 /* __Tests.m */,
				E58A89991DB72A0D00CCEAC9 /* Info.plist */,
			);
			path = "缓存Tests";
			sourceTree = "<group>";
		};
		E58A89A11DB72A0D00CCEAC9 /* 缓存UITests */ = {
			isa = PBXGroup;
			children = (
				E58A89A21DB72A0D00CCEAC9 /* __UITests.m */,
				E58A89A41DB72A0D00CCEAC9 /* Info.plist */,
			);
			path = "缓存UITests";
			sourceTree = "<group>";
		};
		E58A89BB1DB7523500CCEAC9 /* SDWebImage */ = {
			isa = PBXGroup;
			children = (
				E58A89BC1DB7523500CCEAC9 /* MKAnnotationView+WebCache.h */,
				E58A89BD1DB7523500CCEAC9 /* MKAnnotationView+WebCache.m */,
				E58A89BE1DB7523500CCEAC9 /* NSData+ImageContentType.h */,
				E58A89BF1DB7523500CCEAC9 /* NSData+ImageContentType.m */,
				E58A89C01DB7523500CCEAC9 /* SDImageCache.h */,
				E58A89C11DB7523500CCEAC9 /* SDImageCache.m */,
				E58A89C21DB7523500CCEAC9 /* SDWebImageCompat.h */,
				E58A89C31DB7523500CCEAC9 /* SDWebImageCompat.m */,
				E58A89C41DB7523500CCEAC9 /* SDWebImageDecoder.h */,
				E58A89C51DB7523500CCEAC9 /* SDWebImageDecoder.m */,
				E58A89C61DB7523500CCEAC9 /* SDWebImageDownloader.h */,
				E58A89C71DB7523500CCEAC9 /* SDWebImageDownloader.m */,
				E58A89C81DB7523500CCEAC9 /* SDWebImageDownloaderOperation.h */,
				E58A89C91DB7523500CCEAC9 /* SDWebImageDownloaderOperation.m */,
				E58A89CA1DB7523500CCEAC9 /* SDWebImageManager.h */,
				E58A89CB1DB7523500CCEAC9 /* SDWebImageManager.m */,
				E58A89CC1DB7523500CCEAC9 /* SDWebImageOperation.h */,
				E58A89CD1DB7523500CCEAC9 /* SDWebImagePrefetcher.h */,
				E58A89CE1DB7523500CCEAC9 /* SDWebImagePrefetcher.m */,
				E58A89CF1DB7523500CCEAC9 /* UIButton+WebCache.h */,
				E58A89D01DB7523500CCEAC9 /* UIButton+WebCache.m */,
				E58A89D11DB7523500CCEAC9 /* UIImage+GIF.h */,
				E58A89D21DB7523500CCEAC9 /* UIImage+GIF.m */,
				E58A89D31DB7523500CCEAC9 /* UIImage+MultiFormat.h */,
				E58A89D41DB7523500CCEAC9 /* UIImage+MultiFormat.m */,
				E58A89D51DB7523500CCEAC9 /* UIImage+WebP.h */,
				E58A89D61DB7523500CCEAC9 /* UIImage+WebP.m */,
				E58A89D71DB7523500CCEAC9 /* UIImageView+HighlightedWebCache.h */,
				E58A89D81DB7523500CCEAC9 /* UIImageView+HighlightedWebCache.m */,
				E58A89D91DB7523500CCEAC9 /* UIImageView+WebCache.h */,
				E58A89DA1DB7523500CCEAC9 /* UIImageView+WebCache.m */,
				E58A89DB1DB7523500CCEAC9 /* UIView+WebCacheOperation.h */,
				E58A89DC1DB7523500CCEAC9 /* UIView+WebCacheOperation.m */,
			);
			path = SDWebImage;
			sourceTree = "<group>";
		};
		E58A89ED1DB75E0000CCEAC9 /* lib */ = {
			isa = PBXGroup;
			children = (
				570F8C1F1E55AAAF005C0A14 /* MJExtension */,
				E527F6AA1DE6946D00C070D8 /* LKDBHelper */,
				E509772A1DBB139B00500BAA /* MBProgressHUD */,
				E58A8A6C1DB78A1900CCEAC9 /* FMDB */,
				E58A8A2C1DB760B200CCEAC9 /* JSONModel */,
				E58A89EE1DB75E1700CCEAC9 /* AFNetworking */,
				E58A89BB1DB7523500CCEAC9 /* SDWebImage */,
			);
			name = lib;
			sourceTree = "<group>";
		};
		E58A89EE1DB75E1700CCEAC9 /* AFNetworking */ = {
			isa = PBXGroup;
			children = (
				E58A89EF1DB75E1700CCEAC9 /* AFNetworking */,
				E58A8A031DB75E1700CCEAC9 /* UIKit+AFNetworking */,
			);
			path = AFNetworking;
			sourceTree = "<group>";
		};
		E58A89EF1DB75E1700CCEAC9 /* AFNetworking */ = {
			isa = PBXGroup;
			children = (
				E58A89F01DB75E1700CCEAC9 /* AFHTTPRequestOperation.h */,
				E58A89F11DB75E1700CCEAC9 /* AFHTTPRequestOperation.m */,
				E58A89F21DB75E1700CCEAC9 /* AFHTTPRequestOperationManager.h */,
				E58A89F31DB75E1700CCEAC9 /* AFHTTPRequestOperationManager.m */,
				E58A89F41DB75E1700CCEAC9 /* AFHTTPSessionManager.h */,
				E58A89F51DB75E1700CCEAC9 /* AFHTTPSessionManager.m */,
				E58A89F61DB75E1700CCEAC9 /* AFNetworking.h */,
				E58A89F71DB75E1700CCEAC9 /* AFNetworkReachabilityManager.h */,
				E58A89F81DB75E1700CCEAC9 /* AFNetworkReachabilityManager.m */,
				E58A89F91DB75E1700CCEAC9 /* AFSecurityPolicy.h */,
				E58A89FA1DB75E1700CCEAC9 /* AFSecurityPolicy.m */,
				E58A89FB1DB75E1700CCEAC9 /* AFURLConnectionOperation.h */,
				E58A89FC1DB75E1700CCEAC9 /* AFURLConnectionOperation.m */,
				E58A89FD1DB75E1700CCEAC9 /* AFURLRequestSerialization.h */,
				E58A89FE1DB75E1700CCEAC9 /* AFURLRequestSerialization.m */,
				E58A89FF1DB75E1700CCEAC9 /* AFURLResponseSerialization.h */,
				E58A8A001DB75E1700CCEAC9 /* AFURLResponseSerialization.m */,
				E58A8A011DB75E1700CCEAC9 /* AFURLSessionManager.h */,
				E58A8A021DB75E1700CCEAC9 /* AFURLSessionManager.m */,
			);
			path = AFNetworking;
			sourceTree = "<group>";
		};
		E58A8A031DB75E1700CCEAC9 /* UIKit+AFNetworking */ = {
			isa = PBXGroup;
			children = (
				E58A8A041DB75E1700CCEAC9 /* AFNetworkActivityIndicatorManager.h */,
				E58A8A051DB75E1700CCEAC9 /* AFNetworkActivityIndicatorManager.m */,
				E58A8A061DB75E1700CCEAC9 /* UIActivityIndicatorView+AFNetworking.h */,
				E58A8A071DB75E1700CCEAC9 /* UIActivityIndicatorView+AFNetworking.m */,
				E58A8A081DB75E1700CCEAC9 /* UIAlertView+AFNetworking.h */,
				E58A8A091DB75E1700CCEAC9 /* UIAlertView+AFNetworking.m */,
				E58A8A0A1DB75E1700CCEAC9 /* UIButton+AFNetworking.h */,
				E58A8A0B1DB75E1700CCEAC9 /* UIButton+AFNetworking.m */,
				E58A8A0C1DB75E1700CCEAC9 /* UIImageView+AFNetworking.h */,
				E58A8A0D1DB75E1700CCEAC9 /* UIImageView+AFNetworking.m */,
				E58A8A0E1DB75E1700CCEAC9 /* UIKit+AFNetworking.h */,
				E58A8A0F1DB75E1700CCEAC9 /* UIProgressView+AFNetworking.h */,
				E58A8A101DB75E1700CCEAC9 /* UIProgressView+AFNetworking.m */,
				E58A8A111DB75E1700CCEAC9 /* UIRefreshControl+AFNetworking.h */,
				E58A8A121DB75E1700CCEAC9 /* UIRefreshControl+AFNetworking.m */,
				E58A8A131DB75E1700CCEAC9 /* UIWebView+AFNetworking.h */,
				E58A8A141DB75E1700CCEAC9 /* UIWebView+AFNetworking.m */,
			);
			path = "UIKit+AFNetworking";
			sourceTree = "<group>";
		};
		E58A8A2C1DB760B200CCEAC9 /* JSONModel */ = {
			isa = PBXGroup;
			children = (
				E58A8A2D1DB760B200CCEAC9 /* JSONModel */,
				E58A8A361DB760B200CCEAC9 /* JSONModelCategories */,
				E58A8A391DB760B200CCEAC9 /* JSONModelLib.h */,
				E58A8A3A1DB760B200CCEAC9 /* JSONModelNetworking */,
				E58A8A411DB760B200CCEAC9 /* JSONModelTransformations */,
			);
			path = JSONModel;
			sourceTree = "<group>";
		};
		E58A8A2D1DB760B200CCEAC9 /* JSONModel */ = {
			isa = PBXGroup;
			children = (
				E58A8A2E1DB760B200CCEAC9 /* JSONModel.h */,
				E58A8A2F1DB760B200CCEAC9 /* JSONModel.m */,
				E58A8A301DB760B200CCEAC9 /* JSONModelArray.h */,
				E58A8A311DB760B200CCEAC9 /* JSONModelArray.m */,
				E58A8A321DB760B200CCEAC9 /* JSONModelClassProperty.h */,
				E58A8A331DB760B200CCEAC9 /* JSONModelClassProperty.m */,
				E58A8A341DB760B200CCEAC9 /* JSONModelError.h */,
				E58A8A351DB760B200CCEAC9 /* JSONModelError.m */,
			);
			path = JSONModel;
			sourceTree = "<group>";
		};
		E58A8A361DB760B200CCEAC9 /* JSONModelCategories */ = {
			isa = PBXGroup;
			children = (
				E58A8A371DB760B200CCEAC9 /* NSArray+JSONModel.h */,
				E58A8A381DB760B200CCEAC9 /* NSArray+JSONModel.m */,
			);
			path = JSONModelCategories;
			sourceTree = "<group>";
		};
		E58A8A3A1DB760B200CCEAC9 /* JSONModelNetworking */ = {
			isa = PBXGroup;
			children = (
				E58A8A3B1DB760B200CCEAC9 /* JSONAPI.h */,
				E58A8A3C1DB760B200CCEAC9 /* JSONAPI.m */,
				E58A8A3D1DB760B200CCEAC9 /* JSONHTTPClient.h */,
				E58A8A3E1DB760B200CCEAC9 /* JSONHTTPClient.m */,
				E58A8A3F1DB760B200CCEAC9 /* JSONModel+networking.h */,
				E58A8A401DB760B200CCEAC9 /* JSONModel+networking.m */,
			);
			path = JSONModelNetworking;
			sourceTree = "<group>";
		};
		E58A8A411DB760B200CCEAC9 /* JSONModelTransformations */ = {
			isa = PBXGroup;
			children = (
				E58A8A421DB760B200CCEAC9 /* JSONKeyMapper.h */,
				E58A8A431DB760B200CCEAC9 /* JSONKeyMapper.m */,
				E58A8A441DB760B200CCEAC9 /* JSONValueTransformer.h */,
				E58A8A451DB760B200CCEAC9 /* JSONValueTransformer.m */,
			);
			path = JSONModelTransformations;
			sourceTree = "<group>";
		};
		E58A8A531DB7678700CCEAC9 /* Database */ = {
			isa = PBXGroup;
			children = (
				E58A8A7D1DB78A3600CCEAC9 /* BannerDB.h */,
				E58A8A7E1DB78A3600CCEAC9 /* BannerDB.m */,
			);
			name = Database;
			sourceTree = "<group>";
		};
		E58A8A541DB767B600CCEAC9 /* Banner */ = {
			isa = PBXGroup;
			children = (
				E58A89B01DB750F200CCEAC9 /* YGBanner.h */,
				E58A89B11DB750F200CCEAC9 /* YGBanner.m */,
				E58A8A291DB75F9900CCEAC9 /* BannerModel.h */,
				E58A8A2A1DB75F9900CCEAC9 /* BannerModel.m */,
				E527F6C01DE6C46700C070D8 /* BannModel.h */,
				E527F6C11DE6C46700C070D8 /* BannModel.m */,
			);
			name = Banner;
			sourceTree = "<group>";
		};
		E58A8A691DB789D400CCEAC9 /* Frameworks */ = {
			isa = PBXGroup;
			children = (
				E527F6C61DE6D96F00C070D8 /* SystemConfiguration.framework */,
				E58A8A6A1DB789D400CCEAC9 /* libsqlite3.tbd */,
			);
			name = Frameworks;
			sourceTree = "<group>";
		};
		E58A8A6C1DB78A1900CCEAC9 /* FMDB */ = {
			isa = PBXGroup;
			children = (
				E58A8A6D1DB78A1900CCEAC9 /* FMDatabase.h */,
				E58A8A6E1DB78A1900CCEAC9 /* FMDatabase.m */,
				E58A8A6F1DB78A1900CCEAC9 /* FMDatabaseAdditions.h */,
				E58A8A701DB78A1900CCEAC9 /* FMDatabaseAdditions.m */,
				E58A8A711DB78A1900CCEAC9 /* FMDatabasePool.h */,
				E58A8A721DB78A1900CCEAC9 /* FMDatabasePool.m */,
				E58A8A731DB78A1900CCEAC9 /* FMDatabaseQueue.h */,
				E58A8A741DB78A1900CCEAC9 /* FMDatabaseQueue.m */,
				E58A8A751DB78A1900CCEAC9 /* FMDB.h */,
				E58A8A761DB78A1900CCEAC9 /* FMResultSet.h */,
				E58A8A771DB78A1900CCEAC9 /* FMResultSet.m */,
			);
			path = FMDB;
			sourceTree = "<group>";
		};
/* End PBXGroup section */

/* Begin PBXNativeTarget section */
		E58A89791DB72A0C00CCEAC9 /* 缓存 */ = {
			isa = PBXNativeTarget;
			buildConfigurationList = E58A89A71DB72A0D00CCEAC9 /* Build configuration list for PBXNativeTarget "缓存" */;
			buildPhases = (
				E58A89761DB72A0C00CCEAC9 /* Sources */,
				E58A89771DB72A0C00CCEAC9 /* Frameworks */,
				E58A89781DB72A0C00CCEAC9 /* Resources */,
			);
			buildRules = (
			);
			dependencies = (
			);
			name = "缓存";
			productName = "缓存";
			productReference = E58A897A1DB72A0C00CCEAC9 /* 缓存.app */;
			productType = "com.apple.product-type.application";
		};
		E58A89921DB72A0D00CCEAC9 /* 缓存Tests */ = {
			isa = PBXNativeTarget;
			buildConfigurationList = E58A89AA1DB72A0D00CCEAC9 /* Build configuration list for PBXNativeTarget "缓存Tests" */;
			buildPhases = (
				E58A898F1DB72A0D00CCEAC9 /* Sources */,
				E58A89901DB72A0D00CCEAC9 /* Frameworks */,
				E58A89911DB72A0D00CCEAC9 /* Resources */,
			);
			buildRules = (
			);
			dependencies = (
				E58A89951DB72A0D00CCEAC9 /* PBXTargetDependency */,
			);
			name = "缓存Tests";
			productName = "缓存Tests";
			productReference = E58A89931DB72A0D00CCEAC9 /* 缓存Tests.xctest */;
			productType = "com.apple.product-type.bundle.unit-test";
		};
		E58A899D1DB72A0D00CCEAC9 /* 缓存UITests */ = {
			isa = PBXNativeTarget;
			buildConfigurationList = E58A89AD1DB72A0D00CCEAC9 /* Build configuration list for PBXNativeTarget "缓存UITests" */;
			buildPhases = (
				E58A899A1DB72A0D00CCEAC9 /* Sources */,
				E58A899B1DB72A0D00CCEAC9 /* Frameworks */,
				E58A899C1DB72A0D00CCEAC9 /* Resources */,
			);
			buildRules = (
			);
			dependencies = (
				E58A89A01DB72A0D00CCEAC9 /* PBXTargetDependency */,
			);
			name = "缓存UITests";
			productName = "缓存UITests";
			productReference = E58A899E1DB72A0D00CCEAC9 /* 缓存UITests.xctest */;
			productType = "com.apple.product-type.bundle.ui-testing";
		};
/* End PBXNativeTarget section */

/* Begin PBXProject section */
		E58A89721DB72A0C00CCEAC9 /* Project object */ = {
			isa = PBXProject;
			attributes = {
				LastUpgradeCheck = 0800;
				ORGANIZATIONNAME = "zxc-02";
				TargetAttributes = {
					E58A89791DB72A0C00CCEAC9 = {
						CreatedOnToolsVersion = 8.0;
						DevelopmentTeam = 8TLJ533VPE;
						ProvisioningStyle = Automatic;
					};
					E58A89921DB72A0D00CCEAC9 = {
						CreatedOnToolsVersion = 8.0;
						DevelopmentTeam = 3BE259429S;
						ProvisioningStyle = Automatic;
						TestTargetID = E58A89791DB72A0C00CCEAC9;
					};
					E58A899D1DB72A0D00CCEAC9 = {
						CreatedOnToolsVersion = 8.0;
						DevelopmentTeam = 3BE259429S;
						ProvisioningStyle = Automatic;
						TestTargetID = E58A89791DB72A0C00CCEAC9;
					};
				};
			};
			buildConfigurationList = E58A89751DB72A0C00CCEAC9 /* Build configuration list for PBXProject "缓存" */;
			compatibilityVersion = "Xcode 3.2";
			developmentRegion = English;
			hasScannedForEncodings = 0;
			knownRegions = (
				en,
				Base,
			);
			mainGroup = E58A89711DB72A0C00CCEAC9;
			productRefGroup = E58A897B1DB72A0C00CCEAC9 /* Products */;
			projectDirPath = "";
			projectRoot = "";
			targets = (
				E58A89791DB72A0C00CCEAC9 /* 缓存 */,
				E58A89921DB72A0D00CCEAC9 /* 缓存Tests */,
				E58A899D1DB72A0D00CCEAC9 /* 缓存UITests */,
			);
		};
/* End PBXProject section */

/* Begin PBXResourcesBuildPhase section */
		E58A89781DB72A0C00CCEAC9 /* Resources */ = {
			isa = PBXResourcesBuildPhase;
			buildActionMask = 2147483647;
			files = (
				570F8C361E55AAAF005C0A14 /* Info.plist in Resources */,
				E58A898D1DB72A0D00CCEAC9 /* LaunchScreen.storyboard in Resources */,
				E58A898A1DB72A0D00CCEAC9 /* Assets.xcassets in Resources */,
				E58A89881DB72A0D00CCEAC9 /* Main.storyboard in Resources */,
			);
			runOnlyForDeploymentPostprocessing = 0;
		};
		E58A89911DB72A0D00CCEAC9 /* Resources */ = {
			isa = PBXResourcesBuildPhase;
			buildActionMask = 2147483647;
			files = (
			);
			runOnlyForDeploymentPostprocessing = 0;
		};
		E58A899C1DB72A0D00CCEAC9 /* Resources */ = {
			isa = PBXResourcesBuildPhase;
			buildActionMask = 2147483647;
			files = (
			);
			runOnlyForDeploymentPostprocessing = 0;
		};
/* End PBXResourcesBuildPhase section */

/* Begin PBXSourcesBuildPhase section */
		E58A89761DB72A0C00CCEAC9 /* Sources */ = {
			isa = PBXSourcesBuildPhase;
			buildActionMask = 2147483647;
			files = (
				E527F6B61DE6947A00C070D8 /* LKDBHelper.m in Sources */,
				E58A8A201DB75E1700CCEAC9 /* UIAlertView+AFNetworking.m in Sources */,
				E58A8A221DB75E1700CCEAC9 /* UIImageView+AFNetworking.m in Sources */,
				E58A8A491DB760B200CCEAC9 /* JSONModelError.m in Sources */,
				E58A8A1B1DB75E1700CCEAC9 /* AFURLRequestSerialization.m in Sources */,
				570F8C3B1E55AAAF005C0A14 /* MJPropertyType.m in Sources */,
				E58A8A1A1DB75E1700CCEAC9 /* AFURLConnectionOperation.m in Sources */,
				E58A8A1F1DB75E1700CCEAC9 /* UIActivityIndicatorView+AFNetworking.m in Sources */,
				570F8C3A1E55AAAF005C0A14 /* MJPropertyKey.m in Sources */,
				570F8C391E55AAAF005C0A14 /* MJProperty.m in Sources */,
				E50977291DBB137400500BAA /* Tool.m in Sources */,
				E58A89EA1DB7523500CCEAC9 /* UIImageView+HighlightedWebCache.m in Sources */,
				E58A8A211DB75E1700CCEAC9 /* UIButton+AFNetworking.m in Sources */,
				E58A8A2B1DB75F9900CCEAC9 /* BannerModel.m in Sources */,
				570F8C3C1E55AAAF005C0A14 /* NSObject+MJClass.m in Sources */,
				E58A89E81DB7523500CCEAC9 /* UIImage+MultiFormat.m in Sources */,
				E58A8A461DB760B200CCEAC9 /* JSONModel.m in Sources */,
				E58A89E31DB7523500CCEAC9 /* SDWebImageDownloaderOperation.m in Sources */,
				E58A8A1D1DB75E1700CCEAC9 /* AFURLSessionManager.m in Sources */,
				E58A89851DB72A0D00CCEAC9 /* ViewController.m in Sources */,
				E58A89E01DB7523500CCEAC9 /* SDWebImageCompat.m in Sources */,
				570F8C3F1E55AAAF005C0A14 /* NSObject+MJProperty.m in Sources */,
				E58A89E71DB7523500CCEAC9 /* UIImage+GIF.m in Sources */,
				570F8C401E55AAAF005C0A14 /* NSString+MJExtension.m in Sources */,
				E58A8A281DB75F1600CCEAC9 /* HttpRequest.m in Sources */,
				E58A8A7F1DB78A3600CCEAC9 /* BannerDB.m in Sources */,
				E58A8A191DB75E1700CCEAC9 /* AFSecurityPolicy.m in Sources */,
				E58A8A4F1DB760B200CCEAC9 /* JSONValueTransformer.m in Sources */,
				570F8C371E55AAAF005C0A14 /* MJExtensionConst.m in Sources */,
				E58A8A7C1DB78A1900CCEAC9 /* FMResultSet.m in Sources */,
				E58A8A4E1DB760B200CCEAC9 /* JSONKeyMapper.m in Sources */,
				E58A8A241DB75E1700CCEAC9 /* UIRefreshControl+AFNetworking.m in Sources */,
				E58A8A781DB78A1900CCEAC9 /* FMDatabase.m in Sources */,
				E527F6B51DE6947A00C070D8 /* LKDB+Mapping.m in Sources */,
				570F8C3E1E55AAAF005C0A14 /* NSObject+MJKeyValue.m in Sources */,
				E58A8A231DB75E1700CCEAC9 /* UIProgressView+AFNetworking.m in Sources */,
				E58A8A151DB75E1700CCEAC9 /* AFHTTPRequestOperation.m in Sources */,
				E58A89E51DB7523500CCEAC9 /* SDWebImagePrefetcher.m in Sources */,
				E58A89821DB72A0D00CCEAC9 /* AppDelegate.m in Sources */,
				E58A8A471DB760B200CCEAC9 /* JSONModelArray.m in Sources */,
				570F8C381E55AAAF005C0A14 /* MJFoundation.m in Sources */,
				E58A897F1DB72A0D00CCEAC9 /* main.m in Sources */,
				E58A8A1E1DB75E1700CCEAC9 /* AFNetworkActivityIndicatorManager.m in Sources */,
				E58A89E91DB7523500CCEAC9 /* UIImage+WebP.m in Sources */,
				E58A89EB1DB7523500CCEAC9 /* UIImageView+WebCache.m in Sources */,
				E527F6C21DE6C46700C070D8 /* BannModel.m in Sources */,
				E58A8A251DB75E1700CCEAC9 /* UIWebView+AFNetworking.m in Sources */,
				E58A8A4D1DB760B200CCEAC9 /* JSONModel+networking.m in Sources */,
				E527F6C51DE6D95E00C070D8 /* Reachability.m in Sources */,
				E58A89E21DB7523500CCEAC9 /* SDWebImageDownloader.m in Sources */,
				E509772D1DBB139B00500BAA /* MBProgressHUD.m in Sources */,
				E58A8A171DB75E1700CCEAC9 /* AFHTTPSessionManager.m in Sources */,
				E58A89EC1DB7523500CCEAC9 /* UIView+WebCacheOperation.m in Sources */,
				E58A89E61DB7523500CCEAC9 /* UIButton+WebCache.m in Sources */,
				E58A89DD1DB7523500CCEAC9 /* MKAnnotationView+WebCache.m in Sources */,
				E58A8A161DB75E1700CCEAC9 /* AFHTTPRequestOperationManager.m in Sources */,
				E58A89DE1DB7523500CCEAC9 /* NSData+ImageContentType.m in Sources */,
				E527F6B81DE6947A00C070D8 /* NSObject+LKDBHelper.m in Sources */,
				E58A8A481DB760B200CCEAC9 /* JSONModelClassProperty.m in Sources */,
				E58A89B21DB750F200CCEAC9 /* YGBanner.m in Sources */,
				E58A8A4C1DB760B200CCEAC9 /* JSONHTTPClient.m in Sources */,
				E58A8A4B1DB760B200CCEAC9 /* JSONAPI.m in Sources */,
				E58A89E41DB7523500CCEAC9 /* SDWebImageManager.m in Sources */,
				E58A89E11DB7523500CCEAC9 /* SDWebImageDecoder.m in Sources */,
				E58A8A791DB78A1900CCEAC9 /* FMDatabaseAdditions.m in Sources */,
				E527F6B91DE6947A00C070D8 /* NSObject+LKModel.m in Sources */,
				E58A8A4A1DB760B200CCEAC9 /* NSArray+JSONModel.m in Sources */,
				E58A8A7A1DB78A1900CCEAC9 /* FMDatabasePool.m in Sources */,
				E58A8A181DB75E1700CCEAC9 /* AFNetworkReachabilityManager.m in Sources */,
				E50977261DBB11AB00500BAA /* NetworkState.m in Sources */,
				E58A8A1C1DB75E1700CCEAC9 /* AFURLResponseSerialization.m in Sources */,
				570F8C3D1E55AAAF005C0A14 /* NSObject+MJCoding.m in Sources */,
				E527F6B71DE6947A00C070D8 /* LKDBUtils.m in Sources */,
				E58A89DF1DB7523500CCEAC9 /* SDImageCache.m in Sources */,
				E58A8A7B1DB78A1900CCEAC9 /* FMDatabaseQueue.m in Sources */,
			);
			runOnlyForDeploymentPostprocessing = 0;
		};
		E58A898F1DB72A0D00CCEAC9 /* Sources */ = {
			isa = PBXSourcesBuildPhase;
			buildActionMask = 2147483647;
			files = (
				E58A89981DB72A0D00CCEAC9 /* __Tests.m in Sources */,
			);
			runOnlyForDeploymentPostprocessing = 0;
		};
		E58A899A1DB72A0D00CCEAC9 /* Sources */ = {
			isa = PBXSourcesBuildPhase;
			buildActionMask = 2147483647;
			files = (
				E58A89A31DB72A0D00CCEAC9 /* __UITests.m in Sources */,
			);
			runOnlyForDeploymentPostprocessing = 0;
		};
/* End PBXSourcesBuildPhase section */

/* Begin PBXTargetDependency section */
		E58A89951DB72A0D00CCEAC9 /* PBXTargetDependency */ = {
			isa = PBXTargetDependency;
			target = E58A89791DB72A0C00CCEAC9 /* 缓存 */;
			targetProxy = E58A89941DB72A0D00CCEAC9 /* PBXContainerItemProxy */;
		};
		E58A89A01DB72A0D00CCEAC9 /* PBXTargetDependency */ = {
			isa = PBXTargetDependency;
			target = E58A89791DB72A0C00CCEAC9 /* 缓存 */;
			targetProxy = E58A899F1DB72A0D00CCEAC9 /* PBXContainerItemProxy */;
		};
/* End PBXTargetDependency section */

/* Begin PBXVariantGroup section */
		E58A89861DB72A0D00CCEAC9 /* Main.storyboard */ = {
			isa = PBXVariantGroup;
			children = (
				E58A89871DB72A0D00CCEAC9 /* Base */,
			);
			name = Main.storyboard;
			sourceTree = "<group>";
		};
		E58A898B1DB72A0D00CCEAC9 /* LaunchScreen.storyboard */ = {
			isa = PBXVariantGroup;
			children = (
				E58A898C1DB72A0D00CCEAC9 /* Base */,
			);
			name = LaunchScreen.storyboard;
			sourceTree = "<group>";
		};
/* End PBXVariantGroup section */

/* Begin XCBuildConfiguration section */
		E58A89A51DB72A0D00CCEAC9 /* Debug */ = {
			isa = XCBuildConfiguration;
			buildSettings = {
				ALWAYS_SEARCH_USER_PATHS = NO;
				CLANG_ANALYZER_NONNULL = YES;
				CLANG_CXX_LANGUAGE_STANDARD = "gnu++0x";
				CLANG_CXX_LIBRARY = "libc++";
				CLANG_ENABLE_MODULES = YES;
				CLANG_ENABLE_OBJC_ARC = YES;
				CLANG_WARN_BOOL_CONVERSION = YES;
				CLANG_WARN_CONSTANT_CONVERSION = YES;
				CLANG_WARN_DIRECT_OBJC_ISA_USAGE = YES_ERROR;
				CLANG_WARN_DOCUMENTATION_COMMENTS = YES;
				CLANG_WARN_EMPTY_BODY = YES;
				CLANG_WARN_ENUM_CONVERSION = YES;
				CLANG_WARN_INFINITE_RECURSION = YES;
				CLANG_WARN_INT_CONVERSION = YES;
				CLANG_WARN_OBJC_ROOT_CLASS = YES_ERROR;
				CLANG_WARN_SUSPICIOUS_MOVES = YES;
				CLANG_WARN_UNREACHABLE_CODE = YES;
				CLANG_WARN__DUPLICATE_METHOD_MATCH = YES;
				"CODE_SIGN_IDENTITY[sdk=iphoneos*]" = "iPhone Developer";
				COPY_PHASE_STRIP = NO;
				DEBUG_INFORMATION_FORMAT = dwarf;
				ENABLE_STRICT_OBJC_MSGSEND = YES;
				ENABLE_TESTABILITY = YES;
				GCC_C_LANGUAGE_STANDARD = gnu99;
				GCC_DYNAMIC_NO_PIC = NO;
				GCC_NO_COMMON_BLOCKS = YES;
				GCC_OPTIMIZATION_LEVEL = 0;
				GCC_PREPROCESSOR_DEFINITIONS = (
					"DEBUG=1",
					"$(inherited)",
				);
				GCC_WARN_64_TO_32_BIT_CONVERSION = YES;
				GCC_WARN_ABOUT_RETURN_TYPE = YES_ERROR;
				GCC_WARN_UNDECLARED_SELECTOR = YES;
				GCC_WARN_UNINITIALIZED_AUTOS = YES_AGGRESSIVE;
				GCC_WARN_UNUSED_FUNCTION = YES;
				GCC_WARN_UNUSED_VARIABLE = YES;
				IPHONEOS_DEPLOYMENT_TARGET = 10.0;
				MTL_ENABLE_DEBUG_INFO = YES;
				ONLY_ACTIVE_ARCH = YES;
				SDKROOT = iphoneos;
				TARGETED_DEVICE_FAMILY = "1,2";
			};
			name = Debug;
		};
		E58A89A61DB72A0D00CCEAC9 /* Release */ = {
			isa = XCBuildConfiguration;
			buildSettings = {
				ALWAYS_SEARCH_USER_PATHS = NO;
				CLANG_ANALYZER_NONNULL = YES;
				CLANG_CXX_LANGUAGE_STANDARD = "gnu++0x";
				CLANG_CXX_LIBRARY = "libc++";
				CLANG_ENABLE_MODULES = YES;
				CLANG_ENABLE_OBJC_ARC = YES;
				CLANG_WARN_BOOL_CONVERSION = YES;
				CLANG_WARN_CONSTANT_CONVERSION = YES;
				CLANG_WARN_DIRECT_OBJC_ISA_USAGE = YES_ERROR;
				CLANG_WARN_DOCUMENTATION_COMMENTS = YES;
				CLANG_WARN_EMPTY_BODY = YES;
				CLANG_WARN_ENUM_CONVERSION = YES;
				CLANG_WARN_INFINITE_RECURSION = YES;
				CLANG_WARN_INT_CONVERSION = YES;
				CLANG_WARN_OBJC_ROOT_CLASS = YES_ERROR;
				CLANG_WARN_SUSPICIOUS_MOVES = YES;
				CLANG_WARN_UNREACHABLE_CODE = YES;
				CLANG_WARN__DUPLICATE_METHOD_MATCH = YES;
				"CODE_SIGN_IDENTITY[sdk=iphoneos*]" = "iPhone Developer";
				COPY_PHASE_STRIP = NO;
				DEBUG_INFORMATION_FORMAT = "dwarf-with-dsym";
				ENABLE_NS_ASSERTIONS = NO;
				ENABLE_STRICT_OBJC_MSGSEND = YES;
				GCC_C_LANGUAGE_STANDARD = gnu99;
				GCC_NO_COMMON_BLOCKS = YES;
				GCC_WARN_64_TO_32_BIT_CONVERSION = YES;
				GCC_WARN_ABOUT_RETURN_TYPE = YES_ERROR;
				GCC_WARN_UNDECLARED_SELECTOR = YES;
				GCC_WARN_UNINITIALIZED_AUTOS = YES_AGGRESSIVE;
				GCC_WARN_UNUSED_FUNCTION = YES;
				GCC_WARN_UNUSED_VARIABLE = YES;
				IPHONEOS_DEPLOYMENT_TARGET = 10.0;
				MTL_ENABLE_DEBUG_INFO = NO;
				SDKROOT = iphoneos;
				TARGETED_DEVICE_FAMILY = "1,2";
				VALIDATE_PRODUCT = YES;
			};
			name = Release;
		};
		E58A89A81DB72A0D00CCEAC9 /* Debug */ = {
			isa = XCBuildConfiguration;
			buildSettings = {
				ASSETCATALOG_COMPILER_APPICON_NAME = AppIcon;
				DEVELOPMENT_TEAM = 8TLJ533VPE;
				INFOPLIST_FILE = "缓存/Info.plist";
				LD_RUNPATH_SEARCH_PATHS = "$(inherited) @executable_path/Frameworks";
				PRODUCT_BUNDLE_IDENTIFIER = Le.dddd;
				PRODUCT_NAME = "$(TARGET_NAME)";
			};
			name = Debug;
		};
		E58A89A91DB72A0D00CCEAC9 /* Release */ = {
			isa = XCBuildConfiguration;
			buildSettings = {
				ASSETCATALOG_COMPILER_APPICON_NAME = AppIcon;
				DEVELOPMENT_TEAM = 8TLJ533VPE;
				INFOPLIST_FILE = "缓存/Info.plist";
				LD_RUNPATH_SEARCH_PATHS = "$(inherited) @executable_path/Frameworks";
				PRODUCT_BUNDLE_IDENTIFIER = Le.dddd;
				PRODUCT_NAME = "$(TARGET_NAME)";
			};
			name = Release;
		};
		E58A89AB1DB72A0D00CCEAC9 /* Debug */ = {
			isa = XCBuildConfiguration;
			buildSettings = {
				BUNDLE_LOADER = "$(TEST_HOST)";
				DEVELOPMENT_TEAM = 3BE259429S;
				INFOPLIST_FILE = "缓存Tests/Info.plist";
				LD_RUNPATH_SEARCH_PATHS = "$(inherited) @executable_path/Frameworks @loader_path/Frameworks";
				PRODUCT_BUNDLE_IDENTIFIER = "Le.--Tests";
				PRODUCT_NAME = "$(TARGET_NAME)";
				TEST_HOST = "$(BUILT_PRODUCTS_DIR)/缓存.app/缓存";
			};
			name = Debug;
		};
		E58A89AC1DB72A0D00CCEAC9 /* Release */ = {
			isa = XCBuildConfiguration;
			buildSettings = {
				BUNDLE_LOADER = "$(TEST_HOST)";
				DEVELOPMENT_TEAM = 3BE259429S;
				INFOPLIST_FILE = "缓存Tests/Info.plist";
				LD_RUNPATH_SEARCH_PATHS = "$(inherited) @executable_path/Frameworks @loader_path/Frameworks";
				PRODUCT_BUNDLE_IDENTIFIER = "Le.--Tests";
				PRODUCT_NAME = "$(TARGET_NAME)";
				TEST_HOST = "$(BUILT_PRODUCTS_DIR)/缓存.app/缓存";
			};
			name = Release;
		};
		E58A89AE1DB72A0D00CCEAC9 /* Debug */ = {
			isa = XCBuildConfiguration;
			buildSettings = {
				DEVELOPMENT_TEAM = 3BE259429S;
				INFOPLIST_FILE = "缓存UITests/Info.plist";
				LD_RUNPATH_SEARCH_PATHS = "$(inherited) @executable_path/Frameworks @loader_path/Frameworks";
				PRODUCT_BUNDLE_IDENTIFIER = "Le.--UITests";
				PRODUCT_NAME = "$(TARGET_NAME)";
				TEST_TARGET_NAME = "缓存";
			};
			name = Debug;
		};
		E58A89AF1DB72A0D00CCEAC9 /* Release */ = {
			isa = XCBuildConfiguration;
			buildSettings = {
				DEVELOPMENT_TEAM = 3BE259429S;
				INFOPLIST_FILE = "缓存UITests/Info.plist";
				LD_RUNPATH_SEARCH_PATHS = "$(inherited) @executable_path/Frameworks @loader_path/Frameworks";
				PRODUCT_BUNDLE_IDENTIFIER = "Le.--UITests";
				PRODUCT_NAME = "$(TARGET_NAME)";
				TEST_TARGET_NAME = "缓存";
			};
			name = Release;
		};
/* End XCBuildConfiguration section */

/* Begin XCConfigurationList section */
		E58A89751DB72A0C00CCEAC9 /* Build configuration list for PBXProject "缓存" */ = {
			isa = XCConfigurationList;
			buildConfigurations = (
				E58A89A51DB72A0D00CCEAC9 /* Debug */,
				E58A89A61DB72A0D00CCEAC9 /* Release */,
			);
			defaultConfigurationIsVisible = 0;
			defaultConfigurationName = Release;
		};
		E58A89A71DB72A0D00CCEAC9 /* Build configuration list for PBXNativeTarget "缓存" */ = {
			isa = XCConfigurationList;
			buildConfigurations = (
				E58A89A81DB72A0D00CCEAC9 /* Debug */,
				E58A89A91DB72A0D00CCEAC9 /* Release */,
			);
			defaultConfigurationIsVisible = 0;
			defaultConfigurationName = Release;
		};
		E58A89AA1DB72A0D00CCEAC9 /* Build configuration list for PBXNativeTarget "缓存Tests" */ = {
			isa = XCConfigurationList;
			buildConfigurations = (
				E58A89AB1DB72A0D00CCEAC9 /* Debug */,
				E58A89AC1DB72A0D00CCEAC9 /* Release */,
			);
			defaultConfigurationIsVisible = 0;
			defaultConfigurationName = Release;
		};
		E58A89AD1DB72A0D00CCEAC9 /* Build configuration list for PBXNativeTarget "缓存UITests" */ = {
			isa = XCConfigurationList;
			buildConfigurations = (
				E58A89AE1DB72A0D00CCEAC9 /* Debug */,
				E58A89AF1DB72A0D00CCEAC9 /* Release */,
			);
			defaultConfigurationIsVisible = 0;
			defaultConfigurationName = Release;
		};
/* End XCConfigurationList section */
	};
	rootObject = E58A89721DB72A0C00CCEAC9 /* Project object */;
}
